// !$*UTF8*$!
{
	archiveVersion = 1;
	classes = {
	};
	objectVersion = 52;
	objects = {

/* Begin PBXBuildFile section */
		CE24A39026384C7700688A63 /* GEMKit.xcframework in Frameworks */ = {isa = PBXBuildFile; fileRef = CE24A38F26384C7700688A63 /* GEMKit.xcframework */; };
		CE24A39126384C7700688A63 /* GEMKit.xcframework in Embed Frameworks */ = {isa = PBXBuildFile; fileRef = CE24A38F26384C7700688A63 /* GEMKit.xcframework */; settings = {ATTRIBUTES = (CodeSignOnCopy, RemoveHeadersOnCopy, ); }; };
		CE7EABDB2605015300161F8D /* AppDelegate.swift in Sources */ = {isa = PBXBuildFile; fileRef = CE7EABDA2605015300161F8D /* AppDelegate.swift */; };
		CE7EABDD2605015300161F8D /* SceneDelegate.swift in Sources */ = {isa = PBXBuildFile; fileRef = CE7EABDC2605015300161F8D /* SceneDelegate.swift */; };
		CE7EABDF2605015300161F8D /* ViewController.swift in Sources */ = {isa = PBXBuildFile; fileRef = CE7EABDE2605015300161F8D /* ViewController.swift */; };
		CE7EABE22605015300161F8D /* Main.storyboard in Resources */ = {isa = PBXBuildFile; fileRef = CE7EABE02605015300161F8D /* Main.storyboard */; };
		CE7EABE42605015500161F8D /* Assets.xcassets in Resources */ = {isa = PBXBuildFile; fileRef = CE7EABE32605015500161F8D /* Assets.xcassets */; };
		CE7EABE72605015500161F8D /* LaunchScreen.storyboard in Resources */ = {isa = PBXBuildFile; fileRef = CE7EABE52605015500161F8D /* LaunchScreen.storyboard */; };
/* End PBXBuildFile section */

/* Begin PBXCopyFilesBuildPhase section */
		CE24A39226384C7700688A63 /* Embed Frameworks */ = {
			isa = PBXCopyFilesBuildPhase;
			buildActionMask = 2147483647;
			dstPath = "";
			dstSubfolderSpec = 10;
			files = (
				CE24A39126384C7700688A63 /* GEMKit.xcframework in Embed Frameworks */,
			);
			name = "Embed Frameworks";
			runOnlyForDeploymentPostprocessing = 0;
		};
/* End PBXCopyFilesBuildPhase section */

/* Begin PBXFileReference section */
		CE24A38F26384C7700688A63 /* GEMKit.xcframework */ = {isa = PBXFileReference; lastKnownFileType = wrapper.xcframework; name = GEMKit.xcframework; path = ../../Frameworks/GEMKit.xcframework; sourceTree = "<group>"; };
		CE7EABD72605015300161F8D /* SearchQueryLocation.app */ = {isa = PBXFileReference; explicitFileType = wrapper.application; includeInIndex = 0; path = SearchQueryLocation.app; sourceTree = BUILT_PRODUCTS_DIR; };
		CE7EABDA2605015300161F8D /* AppDelegate.swift */ = {isa = PBXFileReference; lastKnownFileType = sourcecode.swift; path = AppDelegate.swift; sourceTree = "<group>"; };
		CE7EABDC2605015300161F8D /* SceneDelegate.swift */ = {isa = PBXFileReference; lastKnownFileType = sourcecode.swift; path = SceneDelegate.swift; sourceTree = "<group>"; };
		CE7EABDE2605015300161F8D /* ViewController.swift */ = {isa = PBXFileReference; lastKnownFileType = sourcecode.swift; path = ViewController.swift; sourceTree = "<group>"; };
		CE7EABE12605015300161F8D /* Base */ = {isa = PBXFileReference; lastKnownFileType = file.storyboard; name = Base; path = Base.lproj/Main.storyboard; sourceTree = "<group>"; };
		CE7EABE32605015500161F8D /* Assets.xcassets */ = {isa = PBXFileReference; lastKnownFileType = folder.assetcatalog; path = Assets.xcassets; sourceTree = "<group>"; };
		CE7EABE62605015500161F8D /* Base */ = {isa = PBXFileReference; lastKnownFileType = file.storyboard; name = Base; path = Base.lproj/LaunchScreen.storyboard; sourceTree = "<group>"; };
		CE7EABE82605015500161F8D /* Info.plist */ = {isa = PBXFileReference; lastKnownFileType = text.plist.xml; path = Info.plist; sourceTree = "<group>"; };
/* End PBXFileReference section */

/* Begin PBXFrameworksBuildPhase section */
		CE7EABD42605015300161F8D /* Frameworks */ = {
			isa = PBXFrameworksBuildPhase;
			buildActionMask = 2147483647;
			files = (
				CE24A39026384C7700688A63 /* GEMKit.xcframework in Frameworks */,
			);
			runOnlyForDeploymentPostprocessing = 0;
		};
/* End PBXFrameworksBuildPhase section */

/* Begin PBXGroup section */
		CE7EABCE2605015300161F8D = {
			isa = PBXGroup;
			children = (
				CE7EABD92605015300161F8D /* SearchQueryLocation */,
				CE7EABD82605015300161F8D /* Products */,
				CE7EABF02605016500161F8D /* Frameworks */,
			);
			sourceTree = "<group>";
		};
		CE7EABD82605015300161F8D /* Products */ = {
			isa = PBXGroup;
			children = (
				CE7EABD72605015300161F8D /* SearchQueryLocation.app */,
			);
			name = Products;
			sourceTree = "<group>";
		};
		CE7EABD92605015300161F8D /* SearchQueryLocation */ = {
			isa = PBXGroup;
			children = (
				CE7EABDA2605015300161F8D /* AppDelegate.swift */,
				CE7EABDC2605015300161F8D /* SceneDelegate.swift */,
				CE7EABDE2605015300161F8D /* ViewController.swift */,
				CE7EABE02605015300161F8D /* Main.storyboard */,
				CE7EABE32605015500161F8D /* Assets.xcassets */,
				CE7EABE52605015500161F8D /* LaunchScreen.storyboard */,
				CE7EABE82605015500161F8D /* Info.plist */,
			);
			path = SearchQueryLocation;
			sourceTree = "<group>";
		};
		CE7EABF02605016500161F8D /* Frameworks */ = {
			isa = PBXGroup;
			children = (
				CE24A38F26384C7700688A63 /* GEMKit.xcframework */,
			);
			name = Frameworks;
			sourceTree = "<group>";
		};
/* End PBXGroup section */

/* Begin PBXNativeTarget section */
		CE7EABD62605015300161F8D /* SearchQueryLocation */ = {
			isa = PBXNativeTarget;
			buildConfigurationList = CE7EABEB2605015500161F8D /* Build configuration list for PBXNativeTarget "SearchQueryLocation" */;
			buildPhases = (
				CE7EABD32605015300161F8D /* Sources */,
				CE7EABD42605015300161F8D /* Frameworks */,
				CE7EABD52605015300161F8D /* Resources */,
				CE24A39226384C7700688A63 /* Embed Frameworks */,
			);
			buildRules = (
			);
			dependencies = (
			);
			name = SearchQueryLocation;
			productName = SearchQueryLocation;
			productReference = CE7EABD72605015300161F8D /* SearchQueryLocation.app */;
			productType = "com.apple.product-type.application";
		};
/* End PBXNativeTarget section */

/* Begin PBXProject section */
		CE7EABCF2605015300161F8D /* Project object */ = {
			isa = PBXProject;
			attributes = {
				LastSwiftUpdateCheck = 1240;
				LastUpgradeCheck = 1240;
				TargetAttributes = {
					CE7EABD62605015300161F8D = {
						CreatedOnToolsVersion = 12.4;
					};
				};
			};
			buildConfigurationList = CE7EABD22605015300161F8D /* Build configuration list for PBXProject "SearchQueryLocation" */;
			compatibilityVersion = "Xcode 9.3";
			developmentRegion = en;
			hasScannedForEncodings = 0;
			knownRegions = (
				en,
				Base,
			);
			mainGroup = CE7EABCE2605015300161F8D;
			productRefGroup = CE7EABD82605015300161F8D /* Products */;
			projectDirPath = "";
			projectRoot = "";
			targets = (
				CE7EABD62605015300161F8D /* SearchQueryLocation */,
			);
		};
/* End PBXProject section */

/* Begin PBXResourcesBuildPhase section */
		CE7EABD52605015300161F8D /* Resources */ = {
			isa = PBXResourcesBuildPhase;
			buildActionMask = 2147483647;
			files = (
				CE7EABE72605015500161F8D /* LaunchScreen.storyboard in Resources */,
				CE7EABE42605015500161F8D /* Assets.xcassets in Resources */,
				CE7EABE22605015300161F8D /* Main.storyboard in Resources */,
			);
			runOnlyForDeploymentPostprocessing = 0;
		};
/* End PBXResourcesBuildPhase section */

/* Begin PBXSourcesBuildPhase section */
		CE7EABD32605015300161F8D /* Sources */ = {
			isa = PBXSourcesBuildPhase;
			buildActionMask = 2147483647;
			files = (
				CE7EABDF2605015300161F8D /* ViewController.swift in Sources */,
				CE7EABDB2605015300161F8D /* AppDelegate.swift in Sources */,
				CE7EABDD2605015300161F8D /* SceneDelegate.swift in Sources */,
			);
			runOnlyForDeploymentPostprocessing = 0;
		};
/* End PBXSourcesBuildPhase section */

/* Begin PBXVariantGroup section */
		CE7EABE02605015300161F8D /* Main.storyboard */ = {
			isa = PBXVariantGroup;
			children = (
				CE7EABE12605015300161F8D /* Base */,
			);
			name = Main.storyboard;
			sourceTree = "<group>";
		};
		CE7EABE52605015500161F8D /* LaunchScreen.storyboard */ = {
			isa = PBXVariantGroup;
			children = (
				CE7EABE62605015500161F8D /* Base */,
			);
			name = LaunchScreen.storyboard;
			sourceTree = "<group>";
		};
/* End PBXVariantGroup section */

/* Begin XCBuildConfiguration section */
		CE7EABE92605015500161F8D /* Debug */ = {
			isa = XCBuildConfiguration;
			buildSettings = {
				ALWAYS_SEARCH_USER_PATHS = NO;
				CLANG_ANALYZER_NONNULL = YES;
				CLANG_ANALYZER_NUMBER_OBJECT_CONVERSION = YES_AGGRESSIVE;
				CLANG_CXX_LANGUAGE_STANDARD = "gnu++14";
				CLANG_CXX_LIBRARY = "libc++";
				CLANG_ENABLE_MODULES = YES;
				CLANG_ENABLE_OBJC_ARC = YES;
				CLANG_ENABLE_OBJC_WEAK = YES;
				CLANG_WARN_BLOCK_CAPTURE_AUTORELEASING = YES;
				CLANG_WARN_BOOL_CONVERSION = YES;
				CLANG_WARN_COMMA = YES;
				CLANG_WARN_CONSTANT_CONVERSION = YES;
				CLANG_WARN_DEPRECATED_OBJC_IMPLEMENTATIONS = YES;
				CLANG_WARN_DIRECT_OBJC_ISA_USAGE = YES_ERROR;
				CLANG_WARN_DOCUMENTATION_COMMENTS = YES;
				CLANG_WARN_EMPTY_BODY = YES;
				CLANG_WARN_ENUM_CONVERSION = YES;
				CLANG_WARN_INFINITE_RECURSION = YES;
				CLANG_WARN_INT_CONVERSION = YES;
				CLANG_WARN_NON_LITERAL_NULL_CONVERSION = YES;
				CLANG_WARN_OBJC_IMPLICIT_RETAIN_SELF = YES;
				CLANG_WARN_OBJC_LITERAL_CONVERSION = YES;
				CLANG_WARN_OBJC_ROOT_CLASS = YES_ERROR;
				CLANG_WARN_QUOTED_INCLUDE_IN_FRAMEWORK_HEADER = YES;
				CLANG_WARN_RANGE_LOOP_ANALYSIS = YES;
				CLANG_WARN_STRICT_PROTOTYPES = YES;
				CLANG_WARN_SUSPICIOUS_MOVE = YES;
				CLANG_WARN_UNGUARDED_AVAILABILITY = YES_AGGRESSIVE;
				CLANG_WARN_UNREACHABLE_CODE = YES;
				CLANG_WARN__DUPLICATE_METHOD_MATCH = YES;
				COPY_PHASE_STRIP = NO;
				DEBUG_INFORMATION_FORMAT = dwarf;
				ENABLE_STRICT_OBJC_MSGSEND = YES;
				ENABLE_TESTABILITY = YES;
				GCC_C_LANGUAGE_STANDARD = gnu11;
				GCC_DYNAMIC_NO_PIC = NO;
				GCC_NO_COMMON_BLOCKS = YES;
				GCC_OPTIMIZATION_LEVEL = 0;
				GCC_PREPROCESSOR_DEFINITIONS = (
					"DEBUG=1",
					"$(inherited)",
				);
				GCC_WARN_64_TO_32_BIT_CONVERSION = YES;
				GCC_WARN_ABOUT_RETURN_TYPE = YES_ERROR;
				GCC_WARN_UNDECLARED_SELECTOR = YES;
				GCC_WARN_UNINITIALIZED_AUTOS = YES_AGGRESSIVE;
				GCC_WARN_UNUSED_FUNCTION = YES;
				GCC_WARN_UNUSED_VARIABLE = YES;
				IPHONEOS_DEPLOYMENT_TARGET = 13.0;
				MTL_ENABLE_DEBUG_INFO = INCLUDE_SOURCE;
				MTL_FAST_MATH = YES;
				ONLY_ACTIVE_ARCH = YES;
				SDKROOT = iphoneos;
				SWIFT_ACTIVE_COMPILATION_CONDITIONS = DEBUG;
				SWIFT_OPTIMIZATION_LEVEL = "-Onone";
			};
			name = Debug;
		};
		CE7EABEA2605015500161F8D /* Release */ = {
			isa = XCBuildConfiguration;
			buildSettings = {
				ALWAYS_SEARCH_USER_PATHS = NO;
				CLANG_ANALYZER_NONNULL = YES;
				CLANG_ANALYZER_NUMBER_OBJECT_CONVERSION = YES_AGGRESSIVE;
				CLANG_CXX_LANGUAGE_STANDARD = "gnu++14";
				CLANG_CXX_LIBRARY = "libc++";
				CLANG_ENABLE_MODULES = YES;
				CLANG_ENABLE_OBJC_ARC = YES;
				CLANG_ENABLE_OBJC_WEAK = YES;
				CLANG_WARN_BLOCK_CAPTURE_AUTORELEASING = YES;
				CLANG_WARN_BOOL_CONVERSION = YES;
				CLANG_WARN_COMMA = YES;
				CLANG_WARN_CONSTANT_CONVERSION = YES;
				CLANG_WARN_DEPRECATED_OBJC_IMPLEMENTATIONS = YES;
				CLANG_WARN_DIRECT_OBJC_ISA_USAGE = YES_ERROR;
				CLANG_WARN_DOCUMENTATION_COMMENTS = YES;
				CLANG_WARN_EMPTY_BODY = YES;
				CLANG_WARN_ENUM_CONVERSION = YES;
				CLANG_WARN_INFINITE_RECURSION = YES;
				CLANG_WARN_INT_CONVERSION = YES;
				CLANG_WARN_NON_LITERAL_NULL_CONVERSION = YES;
				CLANG_WARN_OBJC_IMPLICIT_RETAIN_SELF = YES;
				CLANG_WARN_OBJC_LITERAL_CONVERSION = YES;
				CLANG_WARN_OBJC_ROOT_CLASS = YES_ERROR;
				CLANG_WARN_QUOTED_INCLUDE_IN_FRAMEWORK_HEADER = YES;
				CLANG_WARN_RANGE_LOOP_ANALYSIS = YES;
				CLANG_WARN_STRICT_PROTOTYPES = YES;
				CLANG_WARN_SUSPICIOUS_MOVE = YES;
				CLANG_WARN_UNGUARDED_AVAILABILITY = YES_AGGRESSIVE;
				CLANG_WARN_UNREACHABLE_CODE = YES;
				CLANG_WARN__DUPLICATE_METHOD_MATCH = YES;
				COPY_PHASE_STRIP = NO;
				DEBUG_INFORMATION_FORMAT = "dwarf-with-dsym";
				ENABLE_NS_ASSERTIONS = NO;
				ENABLE_STRICT_OBJC_MSGSEND = YES;
				GCC_C_LANGUAGE_STANDARD = gnu11;
				GCC_NO_COMMON_BLOCKS = YES;
				GCC_WARN_64_TO_32_BIT_CONVERSION = YES;
				GCC_WARN_ABOUT_RETURN_TYPE = YES_ERROR;
				GCC_WARN_UNDECLARED_SELECTOR = YES;
				GCC_WARN_UNINITIALIZED_AUTOS = YES_AGGRESSIVE;
				GCC_WARN_UNUSED_FUNCTION = YES;
				GCC_WARN_UNUSED_VARIABLE = YES;
				IPHONEOS_DEPLOYMENT_TARGET = 13.0;
				MTL_ENABLE_DEBUG_INFO = NO;
				MTL_FAST_MATH = YES;
				SDKROOT = iphoneos;
				SWIFT_COMPILATION_MODE = wholemodule;
				SWIFT_OPTIMIZATION_LEVEL = "-O";
				VALIDATE_PRODUCT = YES;
			};
			name = Release;
		};
		CE7EABEC2605015500161F8D /* Debug */ = {
			isa = XCBuildConfiguration;
			buildSettings = {
				ASSETCATALOG_COMPILER_APPICON_NAME = AppIcon;
				ASSETCATALOG_COMPILER_GLOBAL_ACCENT_COLOR_NAME = AccentColor;
				CODE_SIGN_STYLE = Automatic;
				DEVELOPMENT_TEAM = W43E5E6BFR;
				ENABLE_BITCODE = NO;
				INFOPLIST_FILE = SearchQueryLocation/Info.plist;
				LD_RUNPATH_SEARCH_PATHS = (
					"$(inherited)",
					"@executable_path/Frameworks",
				);
				PRODUCT_BUNDLE_IDENTIFIER = com.magiclane.SearchQueryLocation;
				PRODUCT_NAME = "$(TARGET_NAME)";
				SWIFT_VERSION = 5.0;
				TARGETED_DEVICE_FAMILY = "1,2";
			};
			name = Debug;
		};
		CE7EABED2605015500161F8D /* Release */ = {
			isa = XCBuildConfiguration;
			buildSettings = {
				ASSETCATALOG_COMPILER_APPICON_NAME = AppIcon;
				ASSETCATALOG_COMPILER_GLOBAL_ACCENT_COLOR_NAME = AccentColor;
				CODE_SIGN_STYLE = Automatic;
				DEVELOPMENT_TEAM = W43E5E6BFR;
				ENABLE_BITCODE = NO;
				INFOPLIST_FILE = SearchQueryLocation/Info.plist;
				LD_RUNPATH_SEARCH_PATHS = (
					"$(inherited)",
					"@executable_path/Frameworks",
				);
				PRODUCT_BUNDLE_IDENTIFIER = com.magiclane.SearchQueryLocation;
				PRODUCT_NAME = "$(TARGET_NAME)";
				SWIFT_VERSION = 5.0;
				TARGETED_DEVICE_FAMILY = "1,2";
			};
			name = Release;
		};
/* End XCBuildConfiguration section */

/* Begin XCConfigurationList section */
		CE7EABD22605015300161F8D /* Build configuration list for PBXProject "SearchQueryLocation" */ = {
			isa = XCConfigurationList;
			buildConfigurations = (
				CE7EABE92605015500161F8D /* Debug */,
				CE7EABEA2605015500161F8D /* Release */,
			);
			defaultConfigurationIsVisible = 0;
			defaultConfigurationName = Release;
		};
		CE7EABEB2605015500161F8D /* Build configuration list for PBXNativeTarget "SearchQueryLocation" */ = {
			isa = XCConfigurationList;
			buildConfigurations = (
				CE7EABEC2605015500161F8D /* Debug */,
				CE7EABED2605015500161F8D /* Release */,
			);
			defaultConfigurationIsVisible = 0;
			defaultConfigurationName = Release;
		};
/* End XCConfigurationList section */
	};
	rootObject = CE7EABCF2605015300161F8D /* Project object */;
}
