// !$*UTF8*$!
{
	archiveVersion = 1;
	classes = {
	};
	objectVersion = 52;
	objects = {

/* Begin PBXBuildFile section */
		CE095761262D4BAB00C32A6D /* AppDelegate.swift in Sources */ = {isa = PBXBuildFile; fileRef = CE095760262D4BAB00C32A6D /* AppDelegate.swift */; };
		CE095763262D4BAB00C32A6D /* SceneDelegate.swift in Sources */ = {isa = PBXBuildFile; fileRef = CE095762262D4BAB00C32A6D /* SceneDelegate.swift */; };
		CE095765262D4BAB00C32A6D /* ViewController.swift in Sources */ = {isa = PBXBuildFile; fileRef = CE095764262D4BAB00C32A6D /* ViewController.swift */; };
		CE095768262D4BAB00C32A6D /* Main.storyboard in Resources */ = {isa = PBXBuildFile; fileRef = CE095766262D4BAB00C32A6D /* Main.storyboard */; };
		CE09576A262D4BAC00C32A6D /* Assets.xcassets in Resources */ = {isa = PBXBuildFile; fileRef = CE095769262D4BAC00C32A6D /* Assets.xcassets */; };
		CE09576D262D4BAC00C32A6D /* LaunchScreen.storyboard in Resources */ = {isa = PBXBuildFile; fileRef = CE09576B262D4BAC00C32A6D /* LaunchScreen.storyboard */; };
		CE09577B262D4C0700C32A6D /* CarPlaySceneDelegate.swift in Sources */ = {isa = PBXBuildFile; fileRef = CE09577A262D4C0600C32A6D /* CarPlaySceneDelegate.swift */; };
		CE09577D262D4C0E00C32A6D /* CarPlayInterface.swift in Sources */ = {isa = PBXBuildFile; fileRef = CE09577C262D4C0E00C32A6D /* CarPlayInterface.swift */; };
		CE09577F262D4C1300C32A6D /* CPRootViewController.swift in Sources */ = {isa = PBXBuildFile; fileRef = CE09577E262D4C1300C32A6D /* CPRootViewController.swift */; };
		CE24A3B126384EC000688A63 /* GEMKit.xcframework in Frameworks */ = {isa = PBXBuildFile; fileRef = CE24A3B026384EC000688A63 /* GEMKit.xcframework */; };
		CE24A3B226384EC000688A63 /* GEMKit.xcframework in Embed Frameworks */ = {isa = PBXBuildFile; fileRef = CE24A3B026384EC000688A63 /* GEMKit.xcframework */; settings = {ATTRIBUTES = (CodeSignOnCopy, RemoveHeadersOnCopy, ); }; };
/* End PBXBuildFile section */

/* Begin PBXCopyFilesBuildPhase section */
		CE24A3B326384EC000688A63 /* Embed Frameworks */ = {
			isa = PBXCopyFilesBuildPhase;
			buildActionMask = 2147483647;
			dstPath = "";
			dstSubfolderSpec = 10;
			files = (
				CE24A3B226384EC000688A63 /* GEMKit.xcframework in Embed Frameworks */,
			);
			name = "Embed Frameworks";
			runOnlyForDeploymentPostprocessing = 0;
		};
/* End PBXCopyFilesBuildPhase section */

/* Begin PBXFileReference section */
		CE09575D262D4BAB00C32A6D /* MapView.app */ = {isa = PBXFileReference; explicitFileType = wrapper.application; includeInIndex = 0; path = MapView.app; sourceTree = BUILT_PRODUCTS_DIR; };
		CE095760262D4BAB00C32A6D /* AppDelegate.swift */ = {isa = PBXFileReference; lastKnownFileType = sourcecode.swift; path = AppDelegate.swift; sourceTree = "<group>"; };
		CE095762262D4BAB00C32A6D /* SceneDelegate.swift */ = {isa = PBXFileReference; lastKnownFileType = sourcecode.swift; path = SceneDelegate.swift; sourceTree = "<group>"; };
		CE095764262D4BAB00C32A6D /* ViewController.swift */ = {isa = PBXFileReference; lastKnownFileType = sourcecode.swift; path = ViewController.swift; sourceTree = "<group>"; };
		CE095767262D4BAB00C32A6D /* Base */ = {isa = PBXFileReference; lastKnownFileType = file.storyboard; name = Base; path = Base.lproj/Main.storyboard; sourceTree = "<group>"; };
		CE095769262D4BAC00C32A6D /* Assets.xcassets */ = {isa = PBXFileReference; lastKnownFileType = folder.assetcatalog; path = Assets.xcassets; sourceTree = "<group>"; };
		CE09576C262D4BAC00C32A6D /* Base */ = {isa = PBXFileReference; lastKnownFileType = file.storyboard; name = Base; path = Base.lproj/LaunchScreen.storyboard; sourceTree = "<group>"; };
		CE09576E262D4BAC00C32A6D /* Info.plist */ = {isa = PBXFileReference; lastKnownFileType = text.plist.xml; path = Info.plist; sourceTree = "<group>"; };
		CE09577A262D4C0600C32A6D /* CarPlaySceneDelegate.swift */ = {isa = PBXFileReference; fileEncoding = 4; lastKnownFileType = sourcecode.swift; path = CarPlaySceneDelegate.swift; sourceTree = "<group>"; };
		CE09577C262D4C0E00C32A6D /* CarPlayInterface.swift */ = {isa = PBXFileReference; fileEncoding = 4; lastKnownFileType = sourcecode.swift; path = CarPlayInterface.swift; sourceTree = "<group>"; };
		CE09577E262D4C1300C32A6D /* CPRootViewController.swift */ = {isa = PBXFileReference; fileEncoding = 4; lastKnownFileType = sourcecode.swift; path = CPRootViewController.swift; sourceTree = "<group>"; };
		CE24A3B026384EC000688A63 /* GEMKit.xcframework */ = {isa = PBXFileReference; lastKnownFileType = wrapper.xcframework; name = GEMKit.xcframework; path = ../../Frameworks/GEMKit.xcframework; sourceTree = "<group>"; };
		CED195F526C284A300371AAD /* Sample.entitlements */ = {isa = PBXFileReference; lastKnownFileType = text.plist.entitlements; path = Sample.entitlements; sourceTree = "<group>"; };
/* End PBXFileReference section */

/* Begin PBXFrameworksBuildPhase section */
		CE09575A262D4BAB00C32A6D /* Frameworks */ = {
			isa = PBXFrameworksBuildPhase;
			buildActionMask = 2147483647;
			files = (
				CE24A3B126384EC000688A63 /* GEMKit.xcframework in Frameworks */,
			);
			runOnlyForDeploymentPostprocessing = 0;
		};
/* End PBXFrameworksBuildPhase section */

/* Begin PBXGroup section */
		CE095754262D4BAB00C32A6D = {
			isa = PBXGroup;
			children = (
				CE09575F262D4BAB00C32A6D /* MapView */,
				CE09575E262D4BAB00C32A6D /* Products */,
				CE095775262D4BB900C32A6D /* Frameworks */,
			);
			sourceTree = "<group>";
		};
		CE09575E262D4BAB00C32A6D /* Products */ = {
			isa = PBXGroup;
			children = (
				CE09575D262D4BAB00C32A6D /* MapView.app */,
			);
			name = Products;
			sourceTree = "<group>";
		};
		CE09575F262D4BAB00C32A6D /* MapView */ = {
			isa = PBXGroup;
			children = (
				CE095760262D4BAB00C32A6D /* AppDelegate.swift */,
				CE095762262D4BAB00C32A6D /* SceneDelegate.swift */,
				CE095764262D4BAB00C32A6D /* ViewController.swift */,
				CE095766262D4BAB00C32A6D /* Main.storyboard */,
				CE095769262D4BAC00C32A6D /* Assets.xcassets */,
				CE09576B262D4BAC00C32A6D /* LaunchScreen.storyboard */,
				CED195F526C284A300371AAD /* Sample.entitlements */,
				CE09576E262D4BAC00C32A6D /* Info.plist */,
				CE09577A262D4C0600C32A6D /* CarPlaySceneDelegate.swift */,
				CE09577C262D4C0E00C32A6D /* CarPlayInterface.swift */,
				CE09577E262D4C1300C32A6D /* CPRootViewController.swift */,
			);
			path = MapView;
			sourceTree = "<group>";
		};
		CE095775262D4BB900C32A6D /* Frameworks */ = {
			isa = PBXGroup;
			children = (
				CE24A3B026384EC000688A63 /* GEMKit.xcframework */,
			);
			name = Frameworks;
			sourceTree = "<group>";
		};
/* End PBXGroup section */

/* Begin PBXNativeTarget section */
		CE09575C262D4BAB00C32A6D /* MapView */ = {
			isa = PBXNativeTarget;
			buildConfigurationList = CE095771262D4BAC00C32A6D /* Build configuration list for PBXNativeTarget "MapView" */;
			buildPhases = (
				CE095759262D4BAB00C32A6D /* Sources */,
				CE09575A262D4BAB00C32A6D /* Frameworks */,
				CE09575B262D4BAB00C32A6D /* Resources */,
				CE24A3B326384EC000688A63 /* Embed Frameworks */,
			);
			buildRules = (
			);
			dependencies = (
			);
			name = MapView;
			productName = MapView;
			productReference = CE09575D262D4BAB00C32A6D /* MapView.app */;
			productType = "com.apple.product-type.application";
		};
/* End PBXNativeTarget section */

/* Begin PBXProject section */
		CE095755262D4BAB00C32A6D /* Project object */ = {
			isa = PBXProject;
			attributes = {
				LastSwiftUpdateCheck = 1240;
				LastUpgradeCheck = 1240;
				TargetAttributes = {
					CE09575C262D4BAB00C32A6D = {
						CreatedOnToolsVersion = 12.4;
					};
				};
			};
			buildConfigurationList = CE095758262D4BAB00C32A6D /* Build configuration list for PBXProject "MapView" */;
			compatibilityVersion = "Xcode 9.3";
			developmentRegion = en;
			hasScannedForEncodings = 0;
			knownRegions = (
				en,
				Base,
			);
			mainGroup = CE095754262D4BAB00C32A6D;
			productRefGroup = CE09575E262D4BAB00C32A6D /* Products */;
			projectDirPath = "";
			projectRoot = "";
			targets = (
				CE09575C262D4BAB00C32A6D /* MapView */,
			);
		};
/* End PBXProject section */

/* Begin PBXResourcesBuildPhase section */
		CE09575B262D4BAB00C32A6D /* Resources */ = {
			isa = PBXResourcesBuildPhase;
			buildActionMask = 2147483647;
			files = (
				CE09576D262D4BAC00C32A6D /* LaunchScreen.storyboard in Resources */,
				CE09576A262D4BAC00C32A6D /* Assets.xcassets in Resources */,
				CE095768262D4BAB00C32A6D /* Main.storyboard in Resources */,
			);
			runOnlyForDeploymentPostprocessing = 0;
		};
/* End PBXResourcesBuildPhase section */

/* Begin PBXSourcesBuildPhase section */
		CE095759262D4BAB00C32A6D /* Sources */ = {
			isa = PBXSourcesBuildPhase;
			buildActionMask = 2147483647;
			files = (
				CE095765262D4BAB00C32A6D /* ViewController.swift in Sources */,
				CE095761262D4BAB00C32A6D /* AppDelegate.swift in Sources */,
				CE09577B262D4C0700C32A6D /* CarPlaySceneDelegate.swift in Sources */,
				CE09577D262D4C0E00C32A6D /* CarPlayInterface.swift in Sources */,
				CE095763262D4BAB00C32A6D /* SceneDelegate.swift in Sources */,
				CE09577F262D4C1300C32A6D /* CPRootViewController.swift in Sources */,
			);
			runOnlyForDeploymentPostprocessing = 0;
		};
/* End PBXSourcesBuildPhase section */

/* Begin PBXVariantGroup section */
		CE095766262D4BAB00C32A6D /* Main.storyboard */ = {
			isa = PBXVariantGroup;
			children = (
				CE095767262D4BAB00C32A6D /* Base */,
			);
			name = Main.storyboard;
			sourceTree = "<group>";
		};
		CE09576B262D4BAC00C32A6D /* LaunchScreen.storyboard */ = {
			isa = PBXVariantGroup;
			children = (
				CE09576C262D4BAC00C32A6D /* Base */,
			);
			name = LaunchScreen.storyboard;
			sourceTree = "<group>";
		};
/* End PBXVariantGroup section */

/* Begin XCBuildConfiguration section */
		CE09576F262D4BAC00C32A6D /* Debug */ = {
			isa = XCBuildConfiguration;
			buildSettings = {
				ALWAYS_SEARCH_USER_PATHS = NO;
				CLANG_ANALYZER_NONNULL = YES;
				CLANG_ANALYZER_NUMBER_OBJECT_CONVERSION = YES_AGGRESSIVE;
				CLANG_CXX_LANGUAGE_STANDARD = "gnu++14";
				CLANG_CXX_LIBRARY = "libc++";
				CLANG_ENABLE_MODULES = YES;
				CLANG_ENABLE_OBJC_ARC = YES;
				CLANG_ENABLE_OBJC_WEAK = YES;
				CLANG_WARN_BLOCK_CAPTURE_AUTORELEASING = YES;
				CLANG_WARN_BOOL_CONVERSION = YES;
				CLANG_WARN_COMMA = YES;
				CLANG_WARN_CONSTANT_CONVERSION = YES;
				CLANG_WARN_DEPRECATED_OBJC_IMPLEMENTATIONS = YES;
				CLANG_WARN_DIRECT_OBJC_ISA_USAGE = YES_ERROR;
				CLANG_WARN_DOCUMENTATION_COMMENTS = YES;
				CLANG_WARN_EMPTY_BODY = YES;
				CLANG_WARN_ENUM_CONVERSION = YES;
				CLANG_WARN_INFINITE_RECURSION = YES;
				CLANG_WARN_INT_CONVERSION = YES;
				CLANG_WARN_NON_LITERAL_NULL_CONVERSION = YES;
				CLANG_WARN_OBJC_IMPLICIT_RETAIN_SELF = YES;
				CLANG_WARN_OBJC_LITERAL_CONVERSION = YES;
				CLANG_WARN_OBJC_ROOT_CLASS = YES_ERROR;
				CLANG_WARN_QUOTED_INCLUDE_IN_FRAMEWORK_HEADER = YES;
				CLANG_WARN_RANGE_LOOP_ANALYSIS = YES;
				CLANG_WARN_STRICT_PROTOTYPES = YES;
				CLANG_WARN_SUSPICIOUS_MOVE = YES;
				CLANG_WARN_UNGUARDED_AVAILABILITY = YES_AGGRESSIVE;
				CLANG_WARN_UNREACHABLE_CODE = YES;
				CLANG_WARN__DUPLICATE_METHOD_MATCH = YES;
				COPY_PHASE_STRIP = NO;
				DEBUG_INFORMATION_FORMAT = dwarf;
				ENABLE_STRICT_OBJC_MSGSEND = YES;
				ENABLE_TESTABILITY = YES;
				GCC_C_LANGUAGE_STANDARD = gnu11;
				GCC_DYNAMIC_NO_PIC = NO;
				GCC_NO_COMMON_BLOCKS = YES;
				GCC_OPTIMIZATION_LEVEL = 0;
				GCC_PREPROCESSOR_DEFINITIONS = (
					"DEBUG=1",
					"$(inherited)",
				);
				GCC_WARN_64_TO_32_BIT_CONVERSION = YES;
				GCC_WARN_ABOUT_RETURN_TYPE = YES_ERROR;
				GCC_WARN_UNDECLARED_SELECTOR = YES;
				GCC_WARN_UNINITIALIZED_AUTOS = YES_AGGRESSIVE;
				GCC_WARN_UNUSED_FUNCTION = YES;
				GCC_WARN_UNUSED_VARIABLE = YES;
				IPHONEOS_DEPLOYMENT_TARGET = 13.0;
				MTL_ENABLE_DEBUG_INFO = INCLUDE_SOURCE;
				MTL_FAST_MATH = YES;
				ONLY_ACTIVE_ARCH = YES;
				SDKROOT = iphoneos;
				SWIFT_ACTIVE_COMPILATION_CONDITIONS = DEBUG;
				SWIFT_OPTIMIZATION_LEVEL = "-Onone";
			};
			name = Debug;
		};
		CE095770262D4BAC00C32A6D /* Release */ = {
			isa = XCBuildConfiguration;
			buildSettings = {
				ALWAYS_SEARCH_USER_PATHS = NO;
				CLANG_ANALYZER_NONNULL = YES;
				CLANG_ANALYZER_NUMBER_OBJECT_CONVERSION = YES_AGGRESSIVE;
				CLANG_CXX_LANGUAGE_STANDARD = "gnu++14";
				CLANG_CXX_LIBRARY = "libc++";
				CLANG_ENABLE_MODULES = YES;
				CLANG_ENABLE_OBJC_ARC = YES;
				CLANG_ENABLE_OBJC_WEAK = YES;
				CLANG_WARN_BLOCK_CAPTURE_AUTORELEASING = YES;
				CLANG_WARN_BOOL_CONVERSION = YES;
				CLANG_WARN_COMMA = YES;
				CLANG_WARN_CONSTANT_CONVERSION = YES;
				CLANG_WARN_DEPRECATED_OBJC_IMPLEMENTATIONS = YES;
				CLANG_WARN_DIRECT_OBJC_ISA_USAGE = YES_ERROR;
				CLANG_WARN_DOCUMENTATION_COMMENTS = YES;
				CLANG_WARN_EMPTY_BODY = YES;
				CLANG_WARN_ENUM_CONVERSION = YES;
				CLANG_WARN_INFINITE_RECURSION = YES;
				CLANG_WARN_INT_CONVERSION = YES;
				CLANG_WARN_NON_LITERAL_NULL_CONVERSION = YES;
				CLANG_WARN_OBJC_IMPLICIT_RETAIN_SELF = YES;
				CLANG_WARN_OBJC_LITERAL_CONVERSION = YES;
				CLANG_WARN_OBJC_ROOT_CLASS = YES_ERROR;
				CLANG_WARN_QUOTED_INCLUDE_IN_FRAMEWORK_HEADER = YES;
				CLANG_WARN_RANGE_LOOP_ANALYSIS = YES;
				CLANG_WARN_STRICT_PROTOTYPES = YES;
				CLANG_WARN_SUSPICIOUS_MOVE = YES;
				CLANG_WARN_UNGUARDED_AVAILABILITY = YES_AGGRESSIVE;
				CLANG_WARN_UNREACHABLE_CODE = YES;
				CLANG_WARN__DUPLICATE_METHOD_MATCH = YES;
				COPY_PHASE_STRIP = NO;
				DEBUG_INFORMATION_FORMAT = "dwarf-with-dsym";
				ENABLE_NS_ASSERTIONS = NO;
				ENABLE_STRICT_OBJC_MSGSEND = YES;
				GCC_C_LANGUAGE_STANDARD = gnu11;
				GCC_NO_COMMON_BLOCKS = YES;
				GCC_WARN_64_TO_32_BIT_CONVERSION = YES;
				GCC_WARN_ABOUT_RETURN_TYPE = YES_ERROR;
				GCC_WARN_UNDECLARED_SELECTOR = YES;
				GCC_WARN_UNINITIALIZED_AUTOS = YES_AGGRESSIVE;
				GCC_WARN_UNUSED_FUNCTION = YES;
				GCC_WARN_UNUSED_VARIABLE = YES;
				IPHONEOS_DEPLOYMENT_TARGET = 13.0;
				MTL_ENABLE_DEBUG_INFO = NO;
				MTL_FAST_MATH = YES;
				SDKROOT = iphoneos;
				SWIFT_COMPILATION_MODE = wholemodule;
				SWIFT_OPTIMIZATION_LEVEL = "-O";
				VALIDATE_PRODUCT = YES;
			};
			name = Release;
		};
		CE095772262D4BAC00C32A6D /* Debug */ = {
			isa = XCBuildConfiguration;
			buildSettings = {
				ASSETCATALOG_COMPILER_APPICON_NAME = AppIcon;
				ASSETCATALOG_COMPILER_GLOBAL_ACCENT_COLOR_NAME = AccentColor;
				CODE_SIGN_ENTITLEMENTS = MapView/Sample.entitlements;
				CODE_SIGN_STYLE = Automatic;
				DEVELOPMENT_TEAM = W43E5E6BFR;
				ENABLE_BITCODE = NO;
				INFOPLIST_FILE = MapView/Info.plist;
				LD_RUNPATH_SEARCH_PATHS = (
					"$(inherited)",
					"@executable_path/Frameworks",
				);
				PRODUCT_BUNDLE_IDENTIFIER = com.generalmagic.MapView;
				PRODUCT_NAME = "$(TARGET_NAME)";
				SWIFT_VERSION = 5.0;
				TARGETED_DEVICE_FAMILY = "1,2";
			};
			name = Debug;
		};
		CE095773262D4BAC00C32A6D /* Release */ = {
			isa = XCBuildConfiguration;
			buildSettings = {
				ASSETCATALOG_COMPILER_APPICON_NAME = AppIcon;
				ASSETCATALOG_COMPILER_GLOBAL_ACCENT_COLOR_NAME = AccentColor;
				CODE_SIGN_ENTITLEMENTS = MapView/Sample.entitlements;
				CODE_SIGN_STYLE = Automatic;
				DEVELOPMENT_TEAM = W43E5E6BFR;
				ENABLE_BITCODE = NO;
				INFOPLIST_FILE = MapView/Info.plist;
				LD_RUNPATH_SEARCH_PATHS = (
					"$(inherited)",
					"@executable_path/Frameworks",
				);
				PRODUCT_BUNDLE_IDENTIFIER = com.generalmagic.MapView;
				PRODUCT_NAME = "$(TARGET_NAME)";
				SWIFT_VERSION = 5.0;
				TARGETED_DEVICE_FAMILY = "1,2";
			};
			name = Release;
		};
/* End XCBuildConfiguration section */

/* Begin XCConfigurationList section */
		CE095758262D4BAB00C32A6D /* Build configuration list for PBXProject "MapView" */ = {
			isa = XCConfigurationList;
			buildConfigurations = (
				CE09576F262D4BAC00C32A6D /* Debug */,
				CE095770262D4BAC00C32A6D /* Release */,
			);
			defaultConfigurationIsVisible = 0;
			defaultConfigurationName = Release;
		};
		CE095771262D4BAC00C32A6D /* Build configuration list for PBXNativeTarget "MapView" */ = {
			isa = XCConfigurationList;
			buildConfigurations = (
				CE095772262D4BAC00C32A6D /* Debug */,
				CE095773262D4BAC00C32A6D /* Release */,
			);
			defaultConfigurationIsVisible = 0;
			defaultConfigurationName = Release;
		};
/* End XCConfigurationList section */
	};
	rootObject = CE095755262D4BAB00C32A6D /* Project object */;
}
