// !$*UTF8*$!
{
	archiveVersion = 1;
	classes = {
	};
	objectVersion = 60;
	objects = {

/* Begin PBXBuildFile section */
		CE18511F2A0A6CB600D20708 /* AppDelegate.swift in Sources */ = {isa = PBXBuildFile; fileRef = CE18511E2A0A6CB600D20708 /* AppDelegate.swift */; };
		CE1851212A0A6CB600D20708 /* SceneDelegate.swift in Sources */ = {isa = PBXBuildFile; fileRef = CE1851202A0A6CB600D20708 /* SceneDelegate.swift */; };
		CE1851232A0A6CB600D20708 /* ViewController.swift in Sources */ = {isa = PBXBuildFile; fileRef = CE1851222A0A6CB600D20708 /* ViewController.swift */; };
		CE1851262A0A6CB600D20708 /* Main.storyboard in Resources */ = {isa = PBXBuildFile; fileRef = CE1851242A0A6CB600D20708 /* Main.storyboard */; };
		CE1851282A0A6CB700D20708 /* Assets.xcassets in Resources */ = {isa = PBXBuildFile; fileRef = CE1851272A0A6CB700D20708 /* Assets.xcassets */; };
		CE18512B2A0A6CB700D20708 /* LaunchScreen.storyboard in Resources */ = {isa = PBXBuildFile; fileRef = CE1851292A0A6CB700D20708 /* LaunchScreen.storyboard */; };
		CE1851342A0A6D4000D20708 /* GEMKit.xcframework in Frameworks */ = {isa = PBXBuildFile; fileRef = CE1851332A0A6D4000D20708 /* GEMKit.xcframework */; };
		CE1851352A0A6D4000D20708 /* GEMKit.xcframework in Embed Frameworks */ = {isa = PBXBuildFile; fileRef = CE1851332A0A6D4000D20708 /* GEMKit.xcframework */; settings = {ATTRIBUTES = (CodeSignOnCopy, RemoveHeadersOnCopy, ); }; };
		CE1851382A0A6D5F00D20708 /* NavigationViewController.swift in Sources */ = {isa = PBXBuildFile; fileRef = CE1851372A0A6D5F00D20708 /* NavigationViewController.swift */; };
		CEDD02052A0BCB5D00D3CAD0 /* DownloadMapsViewController.swift in Sources */ = {isa = PBXBuildFile; fileRef = CEDD02042A0BCB5D00D3CAD0 /* DownloadMapsViewController.swift */; };
/* End PBXBuildFile section */

/* Begin PBXCopyFilesBuildPhase section */
		CE1851362A0A6D4000D20708 /* Embed Frameworks */ = {
			isa = PBXCopyFilesBuildPhase;
			buildActionMask = 2147483647;
			dstPath = "";
			dstSubfolderSpec = 10;
			files = (
				CE1851352A0A6D4000D20708 /* GEMKit.xcframework in Embed Frameworks */,
			);
			name = "Embed Frameworks";
			runOnlyForDeploymentPostprocessing = 0;
		};
/* End PBXCopyFilesBuildPhase section */

/* Begin PBXFileReference section */
		CE18511B2A0A6CB600D20708 /* NoMapJustRouting.app */ = {isa = PBXFileReference; explicitFileType = wrapper.application; includeInIndex = 0; path = NoMapJustRouting.app; sourceTree = BUILT_PRODUCTS_DIR; };
		CE18511E2A0A6CB600D20708 /* AppDelegate.swift */ = {isa = PBXFileReference; lastKnownFileType = sourcecode.swift; path = AppDelegate.swift; sourceTree = "<group>"; };
		CE1851202A0A6CB600D20708 /* SceneDelegate.swift */ = {isa = PBXFileReference; lastKnownFileType = sourcecode.swift; path = SceneDelegate.swift; sourceTree = "<group>"; };
		CE1851222A0A6CB600D20708 /* ViewController.swift */ = {isa = PBXFileReference; lastKnownFileType = sourcecode.swift; path = ViewController.swift; sourceTree = "<group>"; };
		CE1851252A0A6CB600D20708 /* Base */ = {isa = PBXFileReference; lastKnownFileType = file.storyboard; name = Base; path = Base.lproj/Main.storyboard; sourceTree = "<group>"; };
		CE1851272A0A6CB700D20708 /* Assets.xcassets */ = {isa = PBXFileReference; lastKnownFileType = folder.assetcatalog; path = Assets.xcassets; sourceTree = "<group>"; };
		CE18512A2A0A6CB700D20708 /* Base */ = {isa = PBXFileReference; lastKnownFileType = file.storyboard; name = Base; path = Base.lproj/LaunchScreen.storyboard; sourceTree = "<group>"; };
		CE18512C2A0A6CB700D20708 /* Info.plist */ = {isa = PBXFileReference; lastKnownFileType = text.plist.xml; path = Info.plist; sourceTree = "<group>"; };
		CE1851332A0A6D4000D20708 /* GEMKit.xcframework */ = {isa = PBXFileReference; expectedSignature = "AppleDeveloperProgram:W43E5E6BFR:General Magic GmbH"; lastKnownFileType = wrapper.xcframework; name = GEMKit.xcframework; path = ../../Frameworks/GEMKit.xcframework; sourceTree = "<group>"; };
		CE1851372A0A6D5F00D20708 /* NavigationViewController.swift */ = {isa = PBXFileReference; fileEncoding = 4; lastKnownFileType = sourcecode.swift; path = NavigationViewController.swift; sourceTree = "<group>"; };
		CEDD02042A0BCB5D00D3CAD0 /* DownloadMapsViewController.swift */ = {isa = PBXFileReference; fileEncoding = 4; lastKnownFileType = sourcecode.swift; path = DownloadMapsViewController.swift; sourceTree = "<group>"; };
/* End PBXFileReference section */

/* Begin PBXFrameworksBuildPhase section */
		CE1851182A0A6CB600D20708 /* Frameworks */ = {
			isa = PBXFrameworksBuildPhase;
			buildActionMask = 2147483647;
			files = (
				CE1851342A0A6D4000D20708 /* GEMKit.xcframework in Frameworks */,
			);
			runOnlyForDeploymentPostprocessing = 0;
		};
/* End PBXFrameworksBuildPhase section */

/* Begin PBXGroup section */
		CE1851122A0A6CB600D20708 = {
			isa = PBXGroup;
			children = (
				CE18511D2A0A6CB600D20708 /* NoMapJustRouting */,
				CE18511C2A0A6CB600D20708 /* Products */,
				CE1851322A0A6D3F00D20708 /* Frameworks */,
			);
			sourceTree = "<group>";
		};
		CE18511C2A0A6CB600D20708 /* Products */ = {
			isa = PBXGroup;
			children = (
				CE18511B2A0A6CB600D20708 /* NoMapJustRouting.app */,
			);
			name = Products;
			sourceTree = "<group>";
		};
		CE18511D2A0A6CB600D20708 /* NoMapJustRouting */ = {
			isa = PBXGroup;
			children = (
				CE18511E2A0A6CB600D20708 /* AppDelegate.swift */,
				CE1851202A0A6CB600D20708 /* SceneDelegate.swift */,
				CE1851222A0A6CB600D20708 /* ViewController.swift */,
				CE1851372A0A6D5F00D20708 /* NavigationViewController.swift */,
				CEDD02042A0BCB5D00D3CAD0 /* DownloadMapsViewController.swift */,
				CE1851242A0A6CB600D20708 /* Main.storyboard */,
				CE1851272A0A6CB700D20708 /* Assets.xcassets */,
				CE1851292A0A6CB700D20708 /* LaunchScreen.storyboard */,
				CE18512C2A0A6CB700D20708 /* Info.plist */,
			);
			path = NoMapJustRouting;
			sourceTree = "<group>";
		};
		CE1851322A0A6D3F00D20708 /* Frameworks */ = {
			isa = PBXGroup;
			children = (
				CE1851332A0A6D4000D20708 /* GEMKit.xcframework */,
			);
			name = Frameworks;
			sourceTree = "<group>";
		};
/* End PBXGroup section */

/* Begin PBXNativeTarget section */
		CE18511A2A0A6CB600D20708 /* NoMapJustRouting */ = {
			isa = PBXNativeTarget;
			buildConfigurationList = CE18512F2A0A6CB700D20708 /* Build configuration list for PBXNativeTarget "NoMapJustRouting" */;
			buildPhases = (
				CE1851172A0A6CB600D20708 /* Sources */,
				CE1851182A0A6CB600D20708 /* Frameworks */,
				CE1851192A0A6CB600D20708 /* Resources */,
				CE1851362A0A6D4000D20708 /* Embed Frameworks */,
			);
			buildRules = (
			);
			dependencies = (
			);
			name = NoMapJustRouting;
			productName = NoMapJustRouting;
			productReference = CE18511B2A0A6CB600D20708 /* NoMapJustRouting.app */;
			productType = "com.apple.product-type.application";
		};
/* End PBXNativeTarget section */

/* Begin PBXProject section */
		CE1851132A0A6CB600D20708 /* Project object */ = {
			isa = PBXProject;
			attributes = {
				BuildIndependentTargetsInParallel = 1;
				LastSwiftUpdateCheck = 1430;
				LastUpgradeCheck = 1430;
				TargetAttributes = {
					CE18511A2A0A6CB600D20708 = {
						CreatedOnToolsVersion = 14.3;
					};
				};
			};
			buildConfigurationList = CE1851162A0A6CB600D20708 /* Build configuration list for PBXProject "NoMapJustRouting" */;
			compatibilityVersion = "Xcode 14.0";
			developmentRegion = en;
			hasScannedForEncodings = 0;
			knownRegions = (
				en,
				Base,
			);
			mainGroup = CE1851122A0A6CB600D20708;
			productRefGroup = CE18511C2A0A6CB600D20708 /* Products */;
			projectDirPath = "";
			projectRoot = "";
			targets = (
				CE18511A2A0A6CB600D20708 /* NoMapJustRouting */,
			);
		};
/* End PBXProject section */

/* Begin PBXResourcesBuildPhase section */
		CE1851192A0A6CB600D20708 /* Resources */ = {
			isa = PBXResourcesBuildPhase;
			buildActionMask = 2147483647;
			files = (
				CE18512B2A0A6CB700D20708 /* LaunchScreen.storyboard in Resources */,
				CE1851282A0A6CB700D20708 /* Assets.xcassets in Resources */,
				CE1851262A0A6CB600D20708 /* Main.storyboard in Resources */,
			);
			runOnlyForDeploymentPostprocessing = 0;
		};
/* End PBXResourcesBuildPhase section */

/* Begin PBXSourcesBuildPhase section */
		CE1851172A0A6CB600D20708 /* Sources */ = {
			isa = PBXSourcesBuildPhase;
			buildActionMask = 2147483647;
			files = (
				CE1851382A0A6D5F00D20708 /* NavigationViewController.swift in Sources */,
				CEDD02052A0BCB5D00D3CAD0 /* DownloadMapsViewController.swift in Sources */,
				CE1851232A0A6CB600D20708 /* ViewController.swift in Sources */,
				CE18511F2A0A6CB600D20708 /* AppDelegate.swift in Sources */,
				CE1851212A0A6CB600D20708 /* SceneDelegate.swift in Sources */,
			);
			runOnlyForDeploymentPostprocessing = 0;
		};
/* End PBXSourcesBuildPhase section */

/* Begin PBXVariantGroup section */
		CE1851242A0A6CB600D20708 /* Main.storyboard */ = {
			isa = PBXVariantGroup;
			children = (
				CE1851252A0A6CB600D20708 /* Base */,
			);
			name = Main.storyboard;
			sourceTree = "<group>";
		};
		CE1851292A0A6CB700D20708 /* LaunchScreen.storyboard */ = {
			isa = PBXVariantGroup;
			children = (
				CE18512A2A0A6CB700D20708 /* Base */,
			);
			name = LaunchScreen.storyboard;
			sourceTree = "<group>";
		};
/* End PBXVariantGroup section */

/* Begin XCBuildConfiguration section */
		CE18512D2A0A6CB700D20708 /* Debug */ = {
			isa = XCBuildConfiguration;
			buildSettings = {
				ALWAYS_SEARCH_USER_PATHS = NO;
				CLANG_ANALYZER_NONNULL = YES;
				CLANG_ANALYZER_NUMBER_OBJECT_CONVERSION = YES_AGGRESSIVE;
				CLANG_CXX_LANGUAGE_STANDARD = "gnu++20";
				CLANG_ENABLE_MODULES = YES;
				CLANG_ENABLE_OBJC_ARC = YES;
				CLANG_ENABLE_OBJC_WEAK = YES;
				CLANG_WARN_BLOCK_CAPTURE_AUTORELEASING = YES;
				CLANG_WARN_BOOL_CONVERSION = YES;
				CLANG_WARN_COMMA = YES;
				CLANG_WARN_CONSTANT_CONVERSION = YES;
				CLANG_WARN_DEPRECATED_OBJC_IMPLEMENTATIONS = YES;
				CLANG_WARN_DIRECT_OBJC_ISA_USAGE = YES_ERROR;
				CLANG_WARN_DOCUMENTATION_COMMENTS = YES;
				CLANG_WARN_EMPTY_BODY = YES;
				CLANG_WARN_ENUM_CONVERSION = YES;
				CLANG_WARN_INFINITE_RECURSION = YES;
				CLANG_WARN_INT_CONVERSION = YES;
				CLANG_WARN_NON_LITERAL_NULL_CONVERSION = YES;
				CLANG_WARN_OBJC_IMPLICIT_RETAIN_SELF = YES;
				CLANG_WARN_OBJC_LITERAL_CONVERSION = YES;
				CLANG_WARN_OBJC_ROOT_CLASS = YES_ERROR;
				CLANG_WARN_QUOTED_INCLUDE_IN_FRAMEWORK_HEADER = YES;
				CLANG_WARN_RANGE_LOOP_ANALYSIS = YES;
				CLANG_WARN_STRICT_PROTOTYPES = YES;
				CLANG_WARN_SUSPICIOUS_MOVE = YES;
				CLANG_WARN_UNGUARDED_AVAILABILITY = YES_AGGRESSIVE;
				CLANG_WARN_UNREACHABLE_CODE = YES;
				CLANG_WARN__DUPLICATE_METHOD_MATCH = YES;
				COPY_PHASE_STRIP = NO;
				DEBUG_INFORMATION_FORMAT = dwarf;
				ENABLE_STRICT_OBJC_MSGSEND = YES;
				ENABLE_TESTABILITY = YES;
				GCC_C_LANGUAGE_STANDARD = gnu11;
				GCC_DYNAMIC_NO_PIC = NO;
				GCC_NO_COMMON_BLOCKS = YES;
				GCC_OPTIMIZATION_LEVEL = 0;
				GCC_PREPROCESSOR_DEFINITIONS = (
					"DEBUG=1",
					"$(inherited)",
				);
				GCC_WARN_64_TO_32_BIT_CONVERSION = YES;
				GCC_WARN_ABOUT_RETURN_TYPE = YES_ERROR;
				GCC_WARN_UNDECLARED_SELECTOR = YES;
				GCC_WARN_UNINITIALIZED_AUTOS = YES_AGGRESSIVE;
				GCC_WARN_UNUSED_FUNCTION = YES;
				GCC_WARN_UNUSED_VARIABLE = YES;
				IPHONEOS_DEPLOYMENT_TARGET = 15.0;
				MTL_ENABLE_DEBUG_INFO = INCLUDE_SOURCE;
				MTL_FAST_MATH = YES;
				ONLY_ACTIVE_ARCH = YES;
				SDKROOT = iphoneos;
				SWIFT_ACTIVE_COMPILATION_CONDITIONS = DEBUG;
				SWIFT_OPTIMIZATION_LEVEL = "-Onone";
			};
			name = Debug;
		};
		CE18512E2A0A6CB700D20708 /* Release */ = {
			isa = XCBuildConfiguration;
			buildSettings = {
				ALWAYS_SEARCH_USER_PATHS = NO;
				CLANG_ANALYZER_NONNULL = YES;
				CLANG_ANALYZER_NUMBER_OBJECT_CONVERSION = YES_AGGRESSIVE;
				CLANG_CXX_LANGUAGE_STANDARD = "gnu++20";
				CLANG_ENABLE_MODULES = YES;
				CLANG_ENABLE_OBJC_ARC = YES;
				CLANG_ENABLE_OBJC_WEAK = YES;
				CLANG_WARN_BLOCK_CAPTURE_AUTORELEASING = YES;
				CLANG_WARN_BOOL_CONVERSION = YES;
				CLANG_WARN_COMMA = YES;
				CLANG_WARN_CONSTANT_CONVERSION = YES;
				CLANG_WARN_DEPRECATED_OBJC_IMPLEMENTATIONS = YES;
				CLANG_WARN_DIRECT_OBJC_ISA_USAGE = YES_ERROR;
				CLANG_WARN_DOCUMENTATION_COMMENTS = YES;
				CLANG_WARN_EMPTY_BODY = YES;
				CLANG_WARN_ENUM_CONVERSION = YES;
				CLANG_WARN_INFINITE_RECURSION = YES;
				CLANG_WARN_INT_CONVERSION = YES;
				CLANG_WARN_NON_LITERAL_NULL_CONVERSION = YES;
				CLANG_WARN_OBJC_IMPLICIT_RETAIN_SELF = YES;
				CLANG_WARN_OBJC_LITERAL_CONVERSION = YES;
				CLANG_WARN_OBJC_ROOT_CLASS = YES_ERROR;
				CLANG_WARN_QUOTED_INCLUDE_IN_FRAMEWORK_HEADER = YES;
				CLANG_WARN_RANGE_LOOP_ANALYSIS = YES;
				CLANG_WARN_STRICT_PROTOTYPES = YES;
				CLANG_WARN_SUSPICIOUS_MOVE = YES;
				CLANG_WARN_UNGUARDED_AVAILABILITY = YES_AGGRESSIVE;
				CLANG_WARN_UNREACHABLE_CODE = YES;
				CLANG_WARN__DUPLICATE_METHOD_MATCH = YES;
				COPY_PHASE_STRIP = NO;
				DEBUG_INFORMATION_FORMAT = "dwarf-with-dsym";
				ENABLE_NS_ASSERTIONS = NO;
				ENABLE_STRICT_OBJC_MSGSEND = YES;
				GCC_C_LANGUAGE_STANDARD = gnu11;
				GCC_NO_COMMON_BLOCKS = YES;
				GCC_WARN_64_TO_32_BIT_CONVERSION = YES;
				GCC_WARN_ABOUT_RETURN_TYPE = YES_ERROR;
				GCC_WARN_UNDECLARED_SELECTOR = YES;
				GCC_WARN_UNINITIALIZED_AUTOS = YES_AGGRESSIVE;
				GCC_WARN_UNUSED_FUNCTION = YES;
				GCC_WARN_UNUSED_VARIABLE = YES;
				IPHONEOS_DEPLOYMENT_TARGET = 15.0;
				MTL_ENABLE_DEBUG_INFO = NO;
				MTL_FAST_MATH = YES;
				SDKROOT = iphoneos;
				SWIFT_COMPILATION_MODE = wholemodule;
				SWIFT_OPTIMIZATION_LEVEL = "-O";
				VALIDATE_PRODUCT = YES;
			};
			name = Release;
		};
		CE1851302A0A6CB700D20708 /* Debug */ = {
			isa = XCBuildConfiguration;
			buildSettings = {
				ASSETCATALOG_COMPILER_APPICON_NAME = AppIcon;
				ASSETCATALOG_COMPILER_GLOBAL_ACCENT_COLOR_NAME = AccentColor;
				CODE_SIGN_STYLE = Automatic;
				CURRENT_PROJECT_VERSION = 1;
				DEVELOPMENT_TEAM = W43E5E6BFR;
				GENERATE_INFOPLIST_FILE = YES;
				INFOPLIST_FILE = NoMapJustRouting/Info.plist;
				INFOPLIST_KEY_UIApplicationSupportsIndirectInputEvents = YES;
				INFOPLIST_KEY_UILaunchStoryboardName = LaunchScreen;
				INFOPLIST_KEY_UIMainStoryboardFile = Main;
				INFOPLIST_KEY_UISupportedInterfaceOrientations_iPad = "UIInterfaceOrientationPortrait UIInterfaceOrientationPortraitUpsideDown UIInterfaceOrientationLandscapeLeft UIInterfaceOrientationLandscapeRight";
				INFOPLIST_KEY_UISupportedInterfaceOrientations_iPhone = "UIInterfaceOrientationPortrait UIInterfaceOrientationLandscapeLeft UIInterfaceOrientationLandscapeRight";
				LD_RUNPATH_SEARCH_PATHS = (
					"$(inherited)",
					"@executable_path/Frameworks",
				);
				MARKETING_VERSION = 1.0;
				PRODUCT_BUNDLE_IDENTIFIER = com.generalmagic.demo.app.NoMapJustRouting;
				PRODUCT_NAME = "$(TARGET_NAME)";
				SWIFT_EMIT_LOC_STRINGS = YES;
				SWIFT_VERSION = 5.0;
				TARGETED_DEVICE_FAMILY = "1,2";
			};
			name = Debug;
		};
		CE1851312A0A6CB700D20708 /* Release */ = {
			isa = XCBuildConfiguration;
			buildSettings = {
				ASSETCATALOG_COMPILER_APPICON_NAME = AppIcon;
				ASSETCATALOG_COMPILER_GLOBAL_ACCENT_COLOR_NAME = AccentColor;
				CODE_SIGN_STYLE = Automatic;
				CURRENT_PROJECT_VERSION = 1;
				DEVELOPMENT_TEAM = W43E5E6BFR;
				GENERATE_INFOPLIST_FILE = YES;
				INFOPLIST_FILE = NoMapJustRouting/Info.plist;
				INFOPLIST_KEY_UIApplicationSupportsIndirectInputEvents = YES;
				INFOPLIST_KEY_UILaunchStoryboardName = LaunchScreen;
				INFOPLIST_KEY_UIMainStoryboardFile = Main;
				INFOPLIST_KEY_UISupportedInterfaceOrientations_iPad = "UIInterfaceOrientationPortrait UIInterfaceOrientationPortraitUpsideDown UIInterfaceOrientationLandscapeLeft UIInterfaceOrientationLandscapeRight";
				INFOPLIST_KEY_UISupportedInterfaceOrientations_iPhone = "UIInterfaceOrientationPortrait UIInterfaceOrientationLandscapeLeft UIInterfaceOrientationLandscapeRight";
				LD_RUNPATH_SEARCH_PATHS = (
					"$(inherited)",
					"@executable_path/Frameworks",
				);
				MARKETING_VERSION = 1.0;
				PRODUCT_BUNDLE_IDENTIFIER = com.generalmagic.demo.app.NoMapJustRouting;
				PRODUCT_NAME = "$(TARGET_NAME)";
				SWIFT_EMIT_LOC_STRINGS = YES;
				SWIFT_VERSION = 5.0;
				TARGETED_DEVICE_FAMILY = "1,2";
			};
			name = Release;
		};
/* End XCBuildConfiguration section */

/* Begin XCConfigurationList section */
		CE1851162A0A6CB600D20708 /* Build configuration list for PBXProject "NoMapJustRouting" */ = {
			isa = XCConfigurationList;
			buildConfigurations = (
				CE18512D2A0A6CB700D20708 /* Debug */,
				CE18512E2A0A6CB700D20708 /* Release */,
			);
			defaultConfigurationIsVisible = 0;
			defaultConfigurationName = Release;
		};
		CE18512F2A0A6CB700D20708 /* Build configuration list for PBXNativeTarget "NoMapJustRouting" */ = {
			isa = XCConfigurationList;
			buildConfigurations = (
				CE1851302A0A6CB700D20708 /* Debug */,
				CE1851312A0A6CB700D20708 /* Release */,
			);
			defaultConfigurationIsVisible = 0;
			defaultConfigurationName = Release;
		};
/* End XCConfigurationList section */
	};
	rootObject = CE1851132A0A6CB600D20708 /* Project object */;
}
