// !$*UTF8*$!
{
	archiveVersion = 1;
	classes = {
	};
	objectVersion = 54;
	objects = {

/* Begin PBXBuildFile section */
		CE4578E62E954BEB00FDE93C /* GEMKit in Frameworks */ = {isa = PBXBuildFile; productRef = CE4578E52E954BEB00FDE93C /* GEMKit */; };
		CE698C5226AA9A4C00456E5B /* AppDelegate.swift in Sources */ = {isa = PBXBuildFile; fileRef = CE698C5126AA9A4C00456E5B /* AppDelegate.swift */; };
		CE698C5426AA9A4C00456E5B /* SceneDelegate.swift in Sources */ = {isa = PBXBuildFile; fileRef = CE698C5326AA9A4C00456E5B /* SceneDelegate.swift */; };
		CE698C5626AA9A4C00456E5B /* ViewController.swift in Sources */ = {isa = PBXBuildFile; fileRef = CE698C5526AA9A4C00456E5B /* ViewController.swift */; };
		CE698C5926AA9A4C00456E5B /* Main.storyboard in Resources */ = {isa = PBXBuildFile; fileRef = CE698C5726AA9A4C00456E5B /* Main.storyboard */; };
		CE698C5B26AA9A4C00456E5B /* Assets.xcassets in Resources */ = {isa = PBXBuildFile; fileRef = CE698C5A26AA9A4C00456E5B /* Assets.xcassets */; };
		CE698C5E26AA9A4C00456E5B /* LaunchScreen.storyboard in Resources */ = {isa = PBXBuildFile; fileRef = CE698C5C26AA9A4C00456E5B /* LaunchScreen.storyboard */; };
		CE698C6B26AAA79800456E5B /* FavoritesViewController.swift in Sources */ = {isa = PBXBuildFile; fileRef = CE698C6A26AAA79800456E5B /* FavoritesViewController.swift */; };
/* End PBXBuildFile section */

/* Begin PBXFileReference section */
		CE698C4E26AA9A4C00456E5B /* SaveFavorites.app */ = {isa = PBXFileReference; explicitFileType = wrapper.application; includeInIndex = 0; path = SaveFavorites.app; sourceTree = BUILT_PRODUCTS_DIR; };
		CE698C5126AA9A4C00456E5B /* AppDelegate.swift */ = {isa = PBXFileReference; lastKnownFileType = sourcecode.swift; path = AppDelegate.swift; sourceTree = "<group>"; };
		CE698C5326AA9A4C00456E5B /* SceneDelegate.swift */ = {isa = PBXFileReference; lastKnownFileType = sourcecode.swift; path = SceneDelegate.swift; sourceTree = "<group>"; };
		CE698C5526AA9A4C00456E5B /* ViewController.swift */ = {isa = PBXFileReference; lastKnownFileType = sourcecode.swift; path = ViewController.swift; sourceTree = "<group>"; };
		CE698C5826AA9A4C00456E5B /* Base */ = {isa = PBXFileReference; lastKnownFileType = file.storyboard; name = Base; path = Base.lproj/Main.storyboard; sourceTree = "<group>"; };
		CE698C5A26AA9A4C00456E5B /* Assets.xcassets */ = {isa = PBXFileReference; lastKnownFileType = folder.assetcatalog; path = Assets.xcassets; sourceTree = "<group>"; };
		CE698C5D26AA9A4C00456E5B /* Base */ = {isa = PBXFileReference; lastKnownFileType = file.storyboard; name = Base; path = Base.lproj/LaunchScreen.storyboard; sourceTree = "<group>"; };
		CE698C5F26AA9A4C00456E5B /* Info.plist */ = {isa = PBXFileReference; lastKnownFileType = text.plist.xml; path = Info.plist; sourceTree = "<group>"; };
		CE698C6A26AAA79800456E5B /* FavoritesViewController.swift */ = {isa = PBXFileReference; lastKnownFileType = sourcecode.swift; path = FavoritesViewController.swift; sourceTree = "<group>"; };
/* End PBXFileReference section */

/* Begin PBXFrameworksBuildPhase section */
		CE698C4B26AA9A4C00456E5B /* Frameworks */ = {
			isa = PBXFrameworksBuildPhase;
			buildActionMask = 2147483647;
			files = (
				CE4578E62E954BEB00FDE93C /* GEMKit in Frameworks */,
			);
			runOnlyForDeploymentPostprocessing = 0;
		};
/* End PBXFrameworksBuildPhase section */

/* Begin PBXGroup section */
		CE698C4526AA9A4C00456E5B = {
			isa = PBXGroup;
			children = (
				CE698C5026AA9A4C00456E5B /* SaveFavorites */,
				CE698C4F26AA9A4C00456E5B /* Products */,
			);
			sourceTree = "<group>";
		};
		CE698C4F26AA9A4C00456E5B /* Products */ = {
			isa = PBXGroup;
			children = (
				CE698C4E26AA9A4C00456E5B /* SaveFavorites.app */,
			);
			name = Products;
			sourceTree = "<group>";
		};
		CE698C5026AA9A4C00456E5B /* SaveFavorites */ = {
			isa = PBXGroup;
			children = (
				CE698C5126AA9A4C00456E5B /* AppDelegate.swift */,
				CE698C5326AA9A4C00456E5B /* SceneDelegate.swift */,
				CE698C5526AA9A4C00456E5B /* ViewController.swift */,
				CE698C6A26AAA79800456E5B /* FavoritesViewController.swift */,
				CE698C5726AA9A4C00456E5B /* Main.storyboard */,
				CE698C5A26AA9A4C00456E5B /* Assets.xcassets */,
				CE698C5C26AA9A4C00456E5B /* LaunchScreen.storyboard */,
				CE698C5F26AA9A4C00456E5B /* Info.plist */,
			);
			path = SaveFavorites;
			sourceTree = "<group>";
		};
/* End PBXGroup section */

/* Begin PBXNativeTarget section */
		CE698C4D26AA9A4C00456E5B /* SaveFavorites */ = {
			isa = PBXNativeTarget;
			buildConfigurationList = CE698C6226AA9A4C00456E5B /* Build configuration list for PBXNativeTarget "SaveFavorites" */;
			buildPhases = (
				CE698C4A26AA9A4C00456E5B /* Sources */,
				CE698C4C26AA9A4C00456E5B /* Resources */,
				CE698C4B26AA9A4C00456E5B /* Frameworks */,
			);
			buildRules = (
			);
			dependencies = (
			);
			name = SaveFavorites;
			productName = SaveFavorites;
			productReference = CE698C4E26AA9A4C00456E5B /* SaveFavorites.app */;
			productType = "com.apple.product-type.application";
		};
/* End PBXNativeTarget section */

/* Begin PBXProject section */
		CE698C4626AA9A4C00456E5B /* Project object */ = {
			isa = PBXProject;
			attributes = {
				BuildIndependentTargetsInParallel = YES;
				LastSwiftUpdateCheck = 1250;
				LastUpgradeCheck = 1500;
				TargetAttributes = {
					CE698C4D26AA9A4C00456E5B = {
						CreatedOnToolsVersion = 12.5.1;
					};
				};
			};
			buildConfigurationList = CE698C4926AA9A4C00456E5B /* Build configuration list for PBXProject "SaveFavorites" */;
			compatibilityVersion = "Xcode 9.3";
			developmentRegion = en;
			hasScannedForEncodings = 0;
			knownRegions = (
				en,
				Base,
			);
			mainGroup = CE698C4526AA9A4C00456E5B;
			packageReferences = (
				CE4578E42E954BEB00FDE93C /* XCRemoteSwiftPackageReference "magiclane-maps-sdk-ios" */,
			);
			productRefGroup = CE698C4F26AA9A4C00456E5B /* Products */;
			projectDirPath = "";
			projectRoot = "";
			targets = (
				CE698C4D26AA9A4C00456E5B /* SaveFavorites */,
			);
		};
/* End PBXProject section */

/* Begin PBXResourcesBuildPhase section */
		CE698C4C26AA9A4C00456E5B /* Resources */ = {
			isa = PBXResourcesBuildPhase;
			buildActionMask = 2147483647;
			files = (
				CE698C5E26AA9A4C00456E5B /* LaunchScreen.storyboard in Resources */,
				CE698C5B26AA9A4C00456E5B /* Assets.xcassets in Resources */,
				CE698C5926AA9A4C00456E5B /* Main.storyboard in Resources */,
			);
			runOnlyForDeploymentPostprocessing = 0;
		};
/* End PBXResourcesBuildPhase section */

/* Begin PBXSourcesBuildPhase section */
		CE698C4A26AA9A4C00456E5B /* Sources */ = {
			isa = PBXSourcesBuildPhase;
			buildActionMask = 2147483647;
			files = (
				CE698C5626AA9A4C00456E5B /* ViewController.swift in Sources */,
				CE698C5226AA9A4C00456E5B /* AppDelegate.swift in Sources */,
				CE698C6B26AAA79800456E5B /* FavoritesViewController.swift in Sources */,
				CE698C5426AA9A4C00456E5B /* SceneDelegate.swift in Sources */,
			);
			runOnlyForDeploymentPostprocessing = 0;
		};
/* End PBXSourcesBuildPhase section */

/* Begin PBXVariantGroup section */
		CE698C5726AA9A4C00456E5B /* Main.storyboard */ = {
			isa = PBXVariantGroup;
			children = (
				CE698C5826AA9A4C00456E5B /* Base */,
			);
			name = Main.storyboard;
			sourceTree = "<group>";
		};
		CE698C5C26AA9A4C00456E5B /* LaunchScreen.storyboard */ = {
			isa = PBXVariantGroup;
			children = (
				CE698C5D26AA9A4C00456E5B /* Base */,
			);
			name = LaunchScreen.storyboard;
			sourceTree = "<group>";
		};
/* End PBXVariantGroup section */

/* Begin XCBuildConfiguration section */
		CE698C6026AA9A4C00456E5B /* Debug */ = {
			isa = XCBuildConfiguration;
			buildSettings = {
				ALWAYS_SEARCH_USER_PATHS = NO;
				CLANG_ANALYZER_NONNULL = YES;
				CLANG_ANALYZER_NUMBER_OBJECT_CONVERSION = YES_AGGRESSIVE;
				CLANG_CXX_LANGUAGE_STANDARD = "gnu++14";
				CLANG_CXX_LIBRARY = "libc++";
				CLANG_ENABLE_MODULES = YES;
				CLANG_ENABLE_OBJC_ARC = YES;
				CLANG_ENABLE_OBJC_WEAK = YES;
				CLANG_WARN_BLOCK_CAPTURE_AUTORELEASING = YES;
				CLANG_WARN_BOOL_CONVERSION = YES;
				CLANG_WARN_COMMA = YES;
				CLANG_WARN_CONSTANT_CONVERSION = YES;
				CLANG_WARN_DEPRECATED_OBJC_IMPLEMENTATIONS = YES;
				CLANG_WARN_DIRECT_OBJC_ISA_USAGE = YES_ERROR;
				CLANG_WARN_DOCUMENTATION_COMMENTS = YES;
				CLANG_WARN_EMPTY_BODY = YES;
				CLANG_WARN_ENUM_CONVERSION = YES;
				CLANG_WARN_INFINITE_RECURSION = YES;
				CLANG_WARN_INT_CONVERSION = YES;
				CLANG_WARN_NON_LITERAL_NULL_CONVERSION = YES;
				CLANG_WARN_OBJC_IMPLICIT_RETAIN_SELF = YES;
				CLANG_WARN_OBJC_LITERAL_CONVERSION = YES;
				CLANG_WARN_OBJC_ROOT_CLASS = YES_ERROR;
				CLANG_WARN_QUOTED_INCLUDE_IN_FRAMEWORK_HEADER = YES;
				CLANG_WARN_RANGE_LOOP_ANALYSIS = YES;
				CLANG_WARN_STRICT_PROTOTYPES = YES;
				CLANG_WARN_SUSPICIOUS_MOVE = YES;
				CLANG_WARN_UNGUARDED_AVAILABILITY = YES_AGGRESSIVE;
				CLANG_WARN_UNREACHABLE_CODE = YES;
				CLANG_WARN__DUPLICATE_METHOD_MATCH = YES;
				COPY_PHASE_STRIP = NO;
				DEBUG_INFORMATION_FORMAT = dwarf;
				ENABLE_STRICT_OBJC_MSGSEND = YES;
				ENABLE_TESTABILITY = YES;
				ENABLE_USER_SCRIPT_SANDBOXING = YES;
				GCC_C_LANGUAGE_STANDARD = gnu11;
				GCC_DYNAMIC_NO_PIC = NO;
				GCC_NO_COMMON_BLOCKS = YES;
				GCC_OPTIMIZATION_LEVEL = 0;
				GCC_PREPROCESSOR_DEFINITIONS = (
					"DEBUG=1",
					"$(inherited)",
				);
				GCC_WARN_64_TO_32_BIT_CONVERSION = YES;
				GCC_WARN_ABOUT_RETURN_TYPE = YES_ERROR;
				GCC_WARN_UNDECLARED_SELECTOR = YES;
				GCC_WARN_UNINITIALIZED_AUTOS = YES_AGGRESSIVE;
				GCC_WARN_UNUSED_FUNCTION = YES;
				GCC_WARN_UNUSED_VARIABLE = YES;
				IPHONEOS_DEPLOYMENT_TARGET = 13.0;
				MTL_ENABLE_DEBUG_INFO = INCLUDE_SOURCE;
				MTL_FAST_MATH = YES;
				ONLY_ACTIVE_ARCH = YES;
				SDKROOT = iphoneos;
				SWIFT_ACTIVE_COMPILATION_CONDITIONS = DEBUG;
				SWIFT_OPTIMIZATION_LEVEL = "-Onone";
			};
			name = Debug;
		};
		CE698C6126AA9A4C00456E5B /* Release */ = {
			isa = XCBuildConfiguration;
			buildSettings = {
				ALWAYS_SEARCH_USER_PATHS = NO;
				CLANG_ANALYZER_NONNULL = YES;
				CLANG_ANALYZER_NUMBER_OBJECT_CONVERSION = YES_AGGRESSIVE;
				CLANG_CXX_LANGUAGE_STANDARD = "gnu++14";
				CLANG_CXX_LIBRARY = "libc++";
				CLANG_ENABLE_MODULES = YES;
				CLANG_ENABLE_OBJC_ARC = YES;
				CLANG_ENABLE_OBJC_WEAK = YES;
				CLANG_WARN_BLOCK_CAPTURE_AUTORELEASING = YES;
				CLANG_WARN_BOOL_CONVERSION = YES;
				CLANG_WARN_COMMA = YES;
				CLANG_WARN_CONSTANT_CONVERSION = YES;
				CLANG_WARN_DEPRECATED_OBJC_IMPLEMENTATIONS = YES;
				CLANG_WARN_DIRECT_OBJC_ISA_USAGE = YES_ERROR;
				CLANG_WARN_DOCUMENTATION_COMMENTS = YES;
				CLANG_WARN_EMPTY_BODY = YES;
				CLANG_WARN_ENUM_CONVERSION = YES;
				CLANG_WARN_INFINITE_RECURSION = YES;
				CLANG_WARN_INT_CONVERSION = YES;
				CLANG_WARN_NON_LITERAL_NULL_CONVERSION = YES;
				CLANG_WARN_OBJC_IMPLICIT_RETAIN_SELF = YES;
				CLANG_WARN_OBJC_LITERAL_CONVERSION = YES;
				CLANG_WARN_OBJC_ROOT_CLASS = YES_ERROR;
				CLANG_WARN_QUOTED_INCLUDE_IN_FRAMEWORK_HEADER = YES;
				CLANG_WARN_RANGE_LOOP_ANALYSIS = YES;
				CLANG_WARN_STRICT_PROTOTYPES = YES;
				CLANG_WARN_SUSPICIOUS_MOVE = YES;
				CLANG_WARN_UNGUARDED_AVAILABILITY = YES_AGGRESSIVE;
				CLANG_WARN_UNREACHABLE_CODE = YES;
				CLANG_WARN__DUPLICATE_METHOD_MATCH = YES;
				COPY_PHASE_STRIP = NO;
				DEBUG_INFORMATION_FORMAT = "dwarf-with-dsym";
				ENABLE_NS_ASSERTIONS = NO;
				ENABLE_STRICT_OBJC_MSGSEND = YES;
				ENABLE_USER_SCRIPT_SANDBOXING = YES;
				GCC_C_LANGUAGE_STANDARD = gnu11;
				GCC_NO_COMMON_BLOCKS = YES;
				GCC_WARN_64_TO_32_BIT_CONVERSION = YES;
				GCC_WARN_ABOUT_RETURN_TYPE = YES_ERROR;
				GCC_WARN_UNDECLARED_SELECTOR = YES;
				GCC_WARN_UNINITIALIZED_AUTOS = YES_AGGRESSIVE;
				GCC_WARN_UNUSED_FUNCTION = YES;
				GCC_WARN_UNUSED_VARIABLE = YES;
				IPHONEOS_DEPLOYMENT_TARGET = 13.0;
				MTL_ENABLE_DEBUG_INFO = NO;
				MTL_FAST_MATH = YES;
				SDKROOT = iphoneos;
				SWIFT_COMPILATION_MODE = wholemodule;
				SWIFT_OPTIMIZATION_LEVEL = "-O";
				VALIDATE_PRODUCT = YES;
			};
			name = Release;
		};
		CE698C6326AA9A4C00456E5B /* Debug */ = {
			isa = XCBuildConfiguration;
			buildSettings = {
				ASSETCATALOG_COMPILER_APPICON_NAME = AppIcon;
				ASSETCATALOG_COMPILER_GLOBAL_ACCENT_COLOR_NAME = AccentColor;
				CODE_SIGN_STYLE = Automatic;
				DEVELOPMENT_TEAM = W43E5E6BFR;
				ENABLE_BITCODE = NO;
				INFOPLIST_FILE = SaveFavorites/Info.plist;
				LD_RUNPATH_SEARCH_PATHS = (
					"$(inherited)",
					"@executable_path/Frameworks",
				);
				PRODUCT_BUNDLE_IDENTIFIER = com.magiclane.SaveFavorites;
				PRODUCT_NAME = "$(TARGET_NAME)";
				SWIFT_VERSION = 5.0;
				TARGETED_DEVICE_FAMILY = "1,2";
			};
			name = Debug;
		};
		CE698C6426AA9A4C00456E5B /* Release */ = {
			isa = XCBuildConfiguration;
			buildSettings = {
				ASSETCATALOG_COMPILER_APPICON_NAME = AppIcon;
				ASSETCATALOG_COMPILER_GLOBAL_ACCENT_COLOR_NAME = AccentColor;
				CODE_SIGN_STYLE = Automatic;
				DEVELOPMENT_TEAM = W43E5E6BFR;
				ENABLE_BITCODE = NO;
				INFOPLIST_FILE = SaveFavorites/Info.plist;
				LD_RUNPATH_SEARCH_PATHS = (
					"$(inherited)",
					"@executable_path/Frameworks",
				);
				PRODUCT_BUNDLE_IDENTIFIER = com.magiclane.SaveFavorites;
				PRODUCT_NAME = "$(TARGET_NAME)";
				SWIFT_VERSION = 5.0;
				TARGETED_DEVICE_FAMILY = "1,2";
			};
			name = Release;
		};
/* End XCBuildConfiguration section */

/* Begin XCConfigurationList section */
		CE698C4926AA9A4C00456E5B /* Build configuration list for PBXProject "SaveFavorites" */ = {
			isa = XCConfigurationList;
			buildConfigurations = (
				CE698C6026AA9A4C00456E5B /* Debug */,
				CE698C6126AA9A4C00456E5B /* Release */,
			);
			defaultConfigurationIsVisible = 0;
			defaultConfigurationName = Release;
		};
		CE698C6226AA9A4C00456E5B /* Build configuration list for PBXNativeTarget "SaveFavorites" */ = {
			isa = XCConfigurationList;
			buildConfigurations = (
				CE698C6326AA9A4C00456E5B /* Debug */,
				CE698C6426AA9A4C00456E5B /* Release */,
			);
			defaultConfigurationIsVisible = 0;
			defaultConfigurationName = Release;
		};
/* End XCConfigurationList section */

/* Begin XCRemoteSwiftPackageReference section */
		CE4578E42E954BEB00FDE93C /* XCRemoteSwiftPackageReference "magiclane-maps-sdk-ios" */ = {
			isa = XCRemoteSwiftPackageReference;
			repositoryURL = "https://github.com/magiclane-international/magiclane-maps-sdk-ios";
			requirement = {
				kind = upToNextMajorVersion;
				minimumVersion = 2.0.9;
			};
		};
/* End XCRemoteSwiftPackageReference section */

/* Begin XCSwiftPackageProductDependency section */
		CE4578E52E954BEB00FDE93C /* GEMKit */ = {
			isa = XCSwiftPackageProductDependency;
			package = CE4578E42E954BEB00FDE93C /* XCRemoteSwiftPackageReference "magiclane-maps-sdk-ios" */;
			productName = GEMKit;
		};
/* End XCSwiftPackageProductDependency section */
	};
	rootObject = CE698C4626AA9A4C00456E5B /* Project object */;
}
