// !$*UTF8*$!
{
	archiveVersion = 1;
	classes = {
	};
	objectVersion = 54;
	objects = {

/* Begin PBXBuildFile section */
		CE7EABB42605004B00161F8D /* AppDelegate.swift in Sources */ = {isa = PBXBuildFile; fileRef = CE7EABB32605004B00161F8D /* AppDelegate.swift */; };
		CE7EABB62605004B00161F8D /* SceneDelegate.swift in Sources */ = {isa = PBXBuildFile; fileRef = CE7EABB52605004B00161F8D /* SceneDelegate.swift */; };
		CE7EABB82605004B00161F8D /* ViewController.swift in Sources */ = {isa = PBXBuildFile; fileRef = CE7EABB72605004B00161F8D /* ViewController.swift */; };
		CE7EABBB2605004B00161F8D /* Main.storyboard in Resources */ = {isa = PBXBuildFile; fileRef = CE7EABB92605004B00161F8D /* Main.storyboard */; };
		CE7EABBD2605004D00161F8D /* Assets.xcassets in Resources */ = {isa = PBXBuildFile; fileRef = CE7EABBC2605004D00161F8D /* Assets.xcassets */; };
		CE7EABC02605004D00161F8D /* LaunchScreen.storyboard in Resources */ = {isa = PBXBuildFile; fileRef = CE7EABBE2605004D00161F8D /* LaunchScreen.storyboard */; };
		CEB9FD422E953E8E0067513A /* GEMKit in Frameworks */ = {isa = PBXBuildFile; productRef = CEB9FD412E953E8E0067513A /* GEMKit */; };
/* End PBXBuildFile section */

/* Begin PBXFileReference section */
		CE7EABB02605004B00161F8D /* MapPerspective.app */ = {isa = PBXFileReference; explicitFileType = wrapper.application; includeInIndex = 0; path = MapPerspective.app; sourceTree = BUILT_PRODUCTS_DIR; };
		CE7EABB32605004B00161F8D /* AppDelegate.swift */ = {isa = PBXFileReference; lastKnownFileType = sourcecode.swift; path = AppDelegate.swift; sourceTree = "<group>"; };
		CE7EABB52605004B00161F8D /* SceneDelegate.swift */ = {isa = PBXFileReference; lastKnownFileType = sourcecode.swift; path = SceneDelegate.swift; sourceTree = "<group>"; };
		CE7EABB72605004B00161F8D /* ViewController.swift */ = {isa = PBXFileReference; lastKnownFileType = sourcecode.swift; path = ViewController.swift; sourceTree = "<group>"; };
		CE7EABBA2605004B00161F8D /* Base */ = {isa = PBXFileReference; lastKnownFileType = file.storyboard; name = Base; path = Base.lproj/Main.storyboard; sourceTree = "<group>"; };
		CE7EABBC2605004D00161F8D /* Assets.xcassets */ = {isa = PBXFileReference; lastKnownFileType = folder.assetcatalog; path = Assets.xcassets; sourceTree = "<group>"; };
		CE7EABBF2605004D00161F8D /* Base */ = {isa = PBXFileReference; lastKnownFileType = file.storyboard; name = Base; path = Base.lproj/LaunchScreen.storyboard; sourceTree = "<group>"; };
		CE7EABC12605004D00161F8D /* Info.plist */ = {isa = PBXFileReference; lastKnownFileType = text.plist.xml; path = Info.plist; sourceTree = "<group>"; };
/* End PBXFileReference section */

/* Begin PBXFrameworksBuildPhase section */
		CE7EABAD2605004B00161F8D /* Frameworks */ = {
			isa = PBXFrameworksBuildPhase;
			buildActionMask = 2147483647;
			files = (
				CEB9FD422E953E8E0067513A /* GEMKit in Frameworks */,
			);
			runOnlyForDeploymentPostprocessing = 0;
		};
/* End PBXFrameworksBuildPhase section */

/* Begin PBXGroup section */
		CE7EABA72605004B00161F8D = {
			isa = PBXGroup;
			children = (
				CE7EABB22605004B00161F8D /* MapPerspective */,
				CE7EABB12605004B00161F8D /* Products */,
			);
			sourceTree = "<group>";
		};
		CE7EABB12605004B00161F8D /* Products */ = {
			isa = PBXGroup;
			children = (
				CE7EABB02605004B00161F8D /* MapPerspective.app */,
			);
			name = Products;
			sourceTree = "<group>";
		};
		CE7EABB22605004B00161F8D /* MapPerspective */ = {
			isa = PBXGroup;
			children = (
				CE7EABB32605004B00161F8D /* AppDelegate.swift */,
				CE7EABB52605004B00161F8D /* SceneDelegate.swift */,
				CE7EABB72605004B00161F8D /* ViewController.swift */,
				CE7EABB92605004B00161F8D /* Main.storyboard */,
				CE7EABBC2605004D00161F8D /* Assets.xcassets */,
				CE7EABBE2605004D00161F8D /* LaunchScreen.storyboard */,
				CE7EABC12605004D00161F8D /* Info.plist */,
			);
			path = MapPerspective;
			sourceTree = "<group>";
		};
/* End PBXGroup section */

/* Begin PBXNativeTarget section */
		CE7EABAF2605004B00161F8D /* MapPerspective */ = {
			isa = PBXNativeTarget;
			buildConfigurationList = CE7EABC42605004D00161F8D /* Build configuration list for PBXNativeTarget "MapPerspective" */;
			buildPhases = (
				CE7EABAC2605004B00161F8D /* Sources */,
				CE7EABAE2605004B00161F8D /* Resources */,
				CE7EABAD2605004B00161F8D /* Frameworks */,
			);
			buildRules = (
			);
			dependencies = (
			);
			name = MapPerspective;
			productName = MapPerspective;
			productReference = CE7EABB02605004B00161F8D /* MapPerspective.app */;
			productType = "com.apple.product-type.application";
		};
/* End PBXNativeTarget section */

/* Begin PBXProject section */
		CE7EABA82605004B00161F8D /* Project object */ = {
			isa = PBXProject;
			attributes = {
				BuildIndependentTargetsInParallel = YES;
				LastSwiftUpdateCheck = 1240;
				LastUpgradeCheck = 1540;
				TargetAttributes = {
					CE7EABAF2605004B00161F8D = {
						CreatedOnToolsVersion = 12.4;
					};
				};
			};
			buildConfigurationList = CE7EABAB2605004B00161F8D /* Build configuration list for PBXProject "MapPerspective" */;
			compatibilityVersion = "Xcode 9.3";
			developmentRegion = en;
			hasScannedForEncodings = 0;
			knownRegions = (
				en,
				Base,
			);
			mainGroup = CE7EABA72605004B00161F8D;
			packageReferences = (
				CEB9FD402E953E8E0067513A /* XCRemoteSwiftPackageReference "magiclane-maps-sdk-ios" */,
			);
			productRefGroup = CE7EABB12605004B00161F8D /* Products */;
			projectDirPath = "";
			projectRoot = "";
			targets = (
				CE7EABAF2605004B00161F8D /* MapPerspective */,
			);
		};
/* End PBXProject section */

/* Begin PBXResourcesBuildPhase section */
		CE7EABAE2605004B00161F8D /* Resources */ = {
			isa = PBXResourcesBuildPhase;
			buildActionMask = 2147483647;
			files = (
				CE7EABC02605004D00161F8D /* LaunchScreen.storyboard in Resources */,
				CE7EABBD2605004D00161F8D /* Assets.xcassets in Resources */,
				CE7EABBB2605004B00161F8D /* Main.storyboard in Resources */,
			);
			runOnlyForDeploymentPostprocessing = 0;
		};
/* End PBXResourcesBuildPhase section */

/* Begin PBXSourcesBuildPhase section */
		CE7EABAC2605004B00161F8D /* Sources */ = {
			isa = PBXSourcesBuildPhase;
			buildActionMask = 2147483647;
			files = (
				CE7EABB82605004B00161F8D /* ViewController.swift in Sources */,
				CE7EABB42605004B00161F8D /* AppDelegate.swift in Sources */,
				CE7EABB62605004B00161F8D /* SceneDelegate.swift in Sources */,
			);
			runOnlyForDeploymentPostprocessing = 0;
		};
/* End PBXSourcesBuildPhase section */

/* Begin PBXVariantGroup section */
		CE7EABB92605004B00161F8D /* Main.storyboard */ = {
			isa = PBXVariantGroup;
			children = (
				CE7EABBA2605004B00161F8D /* Base */,
			);
			name = Main.storyboard;
			sourceTree = "<group>";
		};
		CE7EABBE2605004D00161F8D /* LaunchScreen.storyboard */ = {
			isa = PBXVariantGroup;
			children = (
				CE7EABBF2605004D00161F8D /* Base */,
			);
			name = LaunchScreen.storyboard;
			sourceTree = "<group>";
		};
/* End PBXVariantGroup section */

/* Begin XCBuildConfiguration section */
		CE7EABC22605004D00161F8D /* Debug */ = {
			isa = XCBuildConfiguration;
			buildSettings = {
				ALWAYS_SEARCH_USER_PATHS = NO;
				ASSETCATALOG_COMPILER_GENERATE_SWIFT_ASSET_SYMBOL_EXTENSIONS = YES;
				CLANG_ANALYZER_NONNULL = YES;
				CLANG_ANALYZER_NUMBER_OBJECT_CONVERSION = YES_AGGRESSIVE;
				CLANG_CXX_LANGUAGE_STANDARD = "gnu++14";
				CLANG_CXX_LIBRARY = "libc++";
				CLANG_ENABLE_MODULES = YES;
				CLANG_ENABLE_OBJC_ARC = YES;
				CLANG_ENABLE_OBJC_WEAK = YES;
				CLANG_WARN_BLOCK_CAPTURE_AUTORELEASING = YES;
				CLANG_WARN_BOOL_CONVERSION = YES;
				CLANG_WARN_COMMA = YES;
				CLANG_WARN_CONSTANT_CONVERSION = YES;
				CLANG_WARN_DEPRECATED_OBJC_IMPLEMENTATIONS = YES;
				CLANG_WARN_DIRECT_OBJC_ISA_USAGE = YES_ERROR;
				CLANG_WARN_DOCUMENTATION_COMMENTS = YES;
				CLANG_WARN_EMPTY_BODY = YES;
				CLANG_WARN_ENUM_CONVERSION = YES;
				CLANG_WARN_INFINITE_RECURSION = YES;
				CLANG_WARN_INT_CONVERSION = YES;
				CLANG_WARN_NON_LITERAL_NULL_CONVERSION = YES;
				CLANG_WARN_OBJC_IMPLICIT_RETAIN_SELF = YES;
				CLANG_WARN_OBJC_LITERAL_CONVERSION = YES;
				CLANG_WARN_OBJC_ROOT_CLASS = YES_ERROR;
				CLANG_WARN_QUOTED_INCLUDE_IN_FRAMEWORK_HEADER = YES;
				CLANG_WARN_RANGE_LOOP_ANALYSIS = YES;
				CLANG_WARN_STRICT_PROTOTYPES = YES;
				CLANG_WARN_SUSPICIOUS_MOVE = YES;
				CLANG_WARN_UNGUARDED_AVAILABILITY = YES_AGGRESSIVE;
				CLANG_WARN_UNREACHABLE_CODE = YES;
				CLANG_WARN__DUPLICATE_METHOD_MATCH = YES;
				COPY_PHASE_STRIP = NO;
				DEBUG_INFORMATION_FORMAT = dwarf;
				ENABLE_STRICT_OBJC_MSGSEND = YES;
				ENABLE_TESTABILITY = YES;
				ENABLE_USER_SCRIPT_SANDBOXING = YES;
				GCC_C_LANGUAGE_STANDARD = gnu11;
				GCC_DYNAMIC_NO_PIC = NO;
				GCC_NO_COMMON_BLOCKS = YES;
				GCC_OPTIMIZATION_LEVEL = 0;
				GCC_PREPROCESSOR_DEFINITIONS = (
					"DEBUG=1",
					"$(inherited)",
				);
				GCC_WARN_64_TO_32_BIT_CONVERSION = YES;
				GCC_WARN_ABOUT_RETURN_TYPE = YES_ERROR;
				GCC_WARN_UNDECLARED_SELECTOR = YES;
				GCC_WARN_UNINITIALIZED_AUTOS = YES_AGGRESSIVE;
				GCC_WARN_UNUSED_FUNCTION = YES;
				GCC_WARN_UNUSED_VARIABLE = YES;
				IPHONEOS_DEPLOYMENT_TARGET = 13.0;
				MTL_ENABLE_DEBUG_INFO = INCLUDE_SOURCE;
				MTL_FAST_MATH = YES;
				ONLY_ACTIVE_ARCH = YES;
				SDKROOT = iphoneos;
				SWIFT_ACTIVE_COMPILATION_CONDITIONS = DEBUG;
				SWIFT_OPTIMIZATION_LEVEL = "-Onone";
			};
			name = Debug;
		};
		CE7EABC32605004D00161F8D /* Release */ = {
			isa = XCBuildConfiguration;
			buildSettings = {
				ALWAYS_SEARCH_USER_PATHS = NO;
				ASSETCATALOG_COMPILER_GENERATE_SWIFT_ASSET_SYMBOL_EXTENSIONS = YES;
				CLANG_ANALYZER_NONNULL = YES;
				CLANG_ANALYZER_NUMBER_OBJECT_CONVERSION = YES_AGGRESSIVE;
				CLANG_CXX_LANGUAGE_STANDARD = "gnu++14";
				CLANG_CXX_LIBRARY = "libc++";
				CLANG_ENABLE_MODULES = YES;
				CLANG_ENABLE_OBJC_ARC = YES;
				CLANG_ENABLE_OBJC_WEAK = YES;
				CLANG_WARN_BLOCK_CAPTURE_AUTORELEASING = YES;
				CLANG_WARN_BOOL_CONVERSION = YES;
				CLANG_WARN_COMMA = YES;
				CLANG_WARN_CONSTANT_CONVERSION = YES;
				CLANG_WARN_DEPRECATED_OBJC_IMPLEMENTATIONS = YES;
				CLANG_WARN_DIRECT_OBJC_ISA_USAGE = YES_ERROR;
				CLANG_WARN_DOCUMENTATION_COMMENTS = YES;
				CLANG_WARN_EMPTY_BODY = YES;
				CLANG_WARN_ENUM_CONVERSION = YES;
				CLANG_WARN_INFINITE_RECURSION = YES;
				CLANG_WARN_INT_CONVERSION = YES;
				CLANG_WARN_NON_LITERAL_NULL_CONVERSION = YES;
				CLANG_WARN_OBJC_IMPLICIT_RETAIN_SELF = YES;
				CLANG_WARN_OBJC_LITERAL_CONVERSION = YES;
				CLANG_WARN_OBJC_ROOT_CLASS = YES_ERROR;
				CLANG_WARN_QUOTED_INCLUDE_IN_FRAMEWORK_HEADER = YES;
				CLANG_WARN_RANGE_LOOP_ANALYSIS = YES;
				CLANG_WARN_STRICT_PROTOTYPES = YES;
				CLANG_WARN_SUSPICIOUS_MOVE = YES;
				CLANG_WARN_UNGUARDED_AVAILABILITY = YES_AGGRESSIVE;
				CLANG_WARN_UNREACHABLE_CODE = YES;
				CLANG_WARN__DUPLICATE_METHOD_MATCH = YES;
				COPY_PHASE_STRIP = NO;
				DEBUG_INFORMATION_FORMAT = "dwarf-with-dsym";
				ENABLE_NS_ASSERTIONS = NO;
				ENABLE_STRICT_OBJC_MSGSEND = YES;
				ENABLE_USER_SCRIPT_SANDBOXING = YES;
				GCC_C_LANGUAGE_STANDARD = gnu11;
				GCC_NO_COMMON_BLOCKS = YES;
				GCC_WARN_64_TO_32_BIT_CONVERSION = YES;
				GCC_WARN_ABOUT_RETURN_TYPE = YES_ERROR;
				GCC_WARN_UNDECLARED_SELECTOR = YES;
				GCC_WARN_UNINITIALIZED_AUTOS = YES_AGGRESSIVE;
				GCC_WARN_UNUSED_FUNCTION = YES;
				GCC_WARN_UNUSED_VARIABLE = YES;
				IPHONEOS_DEPLOYMENT_TARGET = 13.0;
				MTL_ENABLE_DEBUG_INFO = NO;
				MTL_FAST_MATH = YES;
				SDKROOT = iphoneos;
				SWIFT_COMPILATION_MODE = wholemodule;
				SWIFT_OPTIMIZATION_LEVEL = "-O";
				VALIDATE_PRODUCT = YES;
			};
			name = Release;
		};
		CE7EABC52605004D00161F8D /* Debug */ = {
			isa = XCBuildConfiguration;
			buildSettings = {
				ASSETCATALOG_COMPILER_APPICON_NAME = AppIcon;
				ASSETCATALOG_COMPILER_GLOBAL_ACCENT_COLOR_NAME = AccentColor;
				CODE_SIGN_STYLE = Automatic;
				DEVELOPMENT_TEAM = W43E5E6BFR;
				ENABLE_BITCODE = NO;
				INFOPLIST_FILE = MapPerspective/Info.plist;
				LD_RUNPATH_SEARCH_PATHS = (
					"$(inherited)",
					"@executable_path/Frameworks",
				);
				PRODUCT_BUNDLE_IDENTIFIER = com.magiclane.MapPerspective;
				PRODUCT_NAME = "$(TARGET_NAME)";
				SWIFT_VERSION = 5.0;
				TARGETED_DEVICE_FAMILY = "1,2";
			};
			name = Debug;
		};
		CE7EABC62605004D00161F8D /* Release */ = {
			isa = XCBuildConfiguration;
			buildSettings = {
				ASSETCATALOG_COMPILER_APPICON_NAME = AppIcon;
				ASSETCATALOG_COMPILER_GLOBAL_ACCENT_COLOR_NAME = AccentColor;
				CODE_SIGN_STYLE = Automatic;
				DEVELOPMENT_TEAM = W43E5E6BFR;
				ENABLE_BITCODE = NO;
				INFOPLIST_FILE = MapPerspective/Info.plist;
				LD_RUNPATH_SEARCH_PATHS = (
					"$(inherited)",
					"@executable_path/Frameworks",
				);
				PRODUCT_BUNDLE_IDENTIFIER = com.magiclane.MapPerspective;
				PRODUCT_NAME = "$(TARGET_NAME)";
				SWIFT_VERSION = 5.0;
				TARGETED_DEVICE_FAMILY = "1,2";
			};
			name = Release;
		};
/* End XCBuildConfiguration section */

/* Begin XCConfigurationList section */
		CE7EABAB2605004B00161F8D /* Build configuration list for PBXProject "MapPerspective" */ = {
			isa = XCConfigurationList;
			buildConfigurations = (
				CE7EABC22605004D00161F8D /* Debug */,
				CE7EABC32605004D00161F8D /* Release */,
			);
			defaultConfigurationIsVisible = 0;
			defaultConfigurationName = Release;
		};
		CE7EABC42605004D00161F8D /* Build configuration list for PBXNativeTarget "MapPerspective" */ = {
			isa = XCConfigurationList;
			buildConfigurations = (
				CE7EABC52605004D00161F8D /* Debug */,
				CE7EABC62605004D00161F8D /* Release */,
			);
			defaultConfigurationIsVisible = 0;
			defaultConfigurationName = Release;
		};
/* End XCConfigurationList section */

/* Begin XCRemoteSwiftPackageReference section */
		CEB9FD402E953E8E0067513A /* XCRemoteSwiftPackageReference "magiclane-maps-sdk-ios" */ = {
			isa = XCRemoteSwiftPackageReference;
			repositoryURL = "https://github.com/magiclane/magiclane-maps-sdk-ios";
			requirement = {
				kind = upToNextMajorVersion;
				minimumVersion = 2.1.1;
			};
		};
/* End XCRemoteSwiftPackageReference section */

/* Begin XCSwiftPackageProductDependency section */
		CEB9FD412E953E8E0067513A /* GEMKit */ = {
			isa = XCSwiftPackageProductDependency;
			package = CEB9FD402E953E8E0067513A /* XCRemoteSwiftPackageReference "magiclane-maps-sdk-ios" */;
			productName = GEMKit;
		};
/* End XCSwiftPackageProductDependency section */
	};
	rootObject = CE7EABA82605004B00161F8D /* Project object */;
}
