// !$*UTF8*$!
{
	archiveVersion = 1;
	classes = {
	};
	objectVersion = 52;
	objects = {

/* Begin PBXBuildFile section */
		CE1BB1B92684610300B173FB /* AppDelegate.swift in Sources */ = {isa = PBXBuildFile; fileRef = CE1BB1B82684610300B173FB /* AppDelegate.swift */; };
		CE1BB1BB2684610300B173FB /* SceneDelegate.swift in Sources */ = {isa = PBXBuildFile; fileRef = CE1BB1BA2684610300B173FB /* SceneDelegate.swift */; };
		CE1BB1BD2684610300B173FB /* ViewController.swift in Sources */ = {isa = PBXBuildFile; fileRef = CE1BB1BC2684610300B173FB /* ViewController.swift */; };
		CE1BB1C02684610300B173FB /* Main.storyboard in Resources */ = {isa = PBXBuildFile; fileRef = CE1BB1BE2684610300B173FB /* Main.storyboard */; };
		CE1BB1C22684610300B173FB /* Assets.xcassets in Resources */ = {isa = PBXBuildFile; fileRef = CE1BB1C12684610300B173FB /* Assets.xcassets */; };
		CE1BB1C52684610300B173FB /* LaunchScreen.storyboard in Resources */ = {isa = PBXBuildFile; fileRef = CE1BB1C32684610300B173FB /* LaunchScreen.storyboard */; };
		CE1BB1CE2684613B00B173FB /* GEMKit.xcframework in Frameworks */ = {isa = PBXBuildFile; fileRef = CE1BB1CD2684613B00B173FB /* GEMKit.xcframework */; };
		CE1BB1CF2684613B00B173FB /* GEMKit.xcframework in Embed Frameworks */ = {isa = PBXBuildFile; fileRef = CE1BB1CD2684613B00B173FB /* GEMKit.xcframework */; settings = {ATTRIBUTES = (CodeSignOnCopy, RemoveHeadersOnCopy, ); }; };
/* End PBXBuildFile section */

/* Begin PBXCopyFilesBuildPhase section */
		CE1BB1D02684613B00B173FB /* Embed Frameworks */ = {
			isa = PBXCopyFilesBuildPhase;
			buildActionMask = 2147483647;
			dstPath = "";
			dstSubfolderSpec = 10;
			files = (
				CE1BB1CF2684613B00B173FB /* GEMKit.xcframework in Embed Frameworks */,
			);
			name = "Embed Frameworks";
			runOnlyForDeploymentPostprocessing = 0;
		};
/* End PBXCopyFilesBuildPhase section */

/* Begin PBXFileReference section */
		CE1BB1B52684610300B173FB /* WorldMapUpdate.app */ = {isa = PBXFileReference; explicitFileType = wrapper.application; includeInIndex = 0; path = WorldMapUpdate.app; sourceTree = BUILT_PRODUCTS_DIR; };
		CE1BB1B82684610300B173FB /* AppDelegate.swift */ = {isa = PBXFileReference; lastKnownFileType = sourcecode.swift; path = AppDelegate.swift; sourceTree = "<group>"; };
		CE1BB1BA2684610300B173FB /* SceneDelegate.swift */ = {isa = PBXFileReference; lastKnownFileType = sourcecode.swift; path = SceneDelegate.swift; sourceTree = "<group>"; };
		CE1BB1BC2684610300B173FB /* ViewController.swift */ = {isa = PBXFileReference; lastKnownFileType = sourcecode.swift; path = ViewController.swift; sourceTree = "<group>"; };
		CE1BB1BF2684610300B173FB /* Base */ = {isa = PBXFileReference; lastKnownFileType = file.storyboard; name = Base; path = Base.lproj/Main.storyboard; sourceTree = "<group>"; };
		CE1BB1C12684610300B173FB /* Assets.xcassets */ = {isa = PBXFileReference; lastKnownFileType = folder.assetcatalog; path = Assets.xcassets; sourceTree = "<group>"; };
		CE1BB1C42684610300B173FB /* Base */ = {isa = PBXFileReference; lastKnownFileType = file.storyboard; name = Base; path = Base.lproj/LaunchScreen.storyboard; sourceTree = "<group>"; };
		CE1BB1C62684610300B173FB /* Info.plist */ = {isa = PBXFileReference; lastKnownFileType = text.plist.xml; path = Info.plist; sourceTree = "<group>"; };
		CE1BB1CD2684613B00B173FB /* GEMKit.xcframework */ = {isa = PBXFileReference; lastKnownFileType = wrapper.xcframework; name = GEMKit.xcframework; path = ../../Frameworks/GEMKit.xcframework; sourceTree = "<group>"; };
/* End PBXFileReference section */

/* Begin PBXFrameworksBuildPhase section */
		CE1BB1B22684610300B173FB /* Frameworks */ = {
			isa = PBXFrameworksBuildPhase;
			buildActionMask = 2147483647;
			files = (
				CE1BB1CE2684613B00B173FB /* GEMKit.xcframework in Frameworks */,
			);
			runOnlyForDeploymentPostprocessing = 0;
		};
/* End PBXFrameworksBuildPhase section */

/* Begin PBXGroup section */
		CE1BB1AC2684610300B173FB = {
			isa = PBXGroup;
			children = (
				CE1BB1B72684610300B173FB /* WorldMapUpdate */,
				CE1BB1B62684610300B173FB /* Products */,
				CE1BB1CC2684613B00B173FB /* Frameworks */,
			);
			sourceTree = "<group>";
		};
		CE1BB1B62684610300B173FB /* Products */ = {
			isa = PBXGroup;
			children = (
				CE1BB1B52684610300B173FB /* WorldMapUpdate.app */,
			);
			name = Products;
			sourceTree = "<group>";
		};
		CE1BB1B72684610300B173FB /* WorldMapUpdate */ = {
			isa = PBXGroup;
			children = (
				CE1BB1B82684610300B173FB /* AppDelegate.swift */,
				CE1BB1BA2684610300B173FB /* SceneDelegate.swift */,
				CE1BB1BC2684610300B173FB /* ViewController.swift */,
				CE1BB1BE2684610300B173FB /* Main.storyboard */,
				CE1BB1C12684610300B173FB /* Assets.xcassets */,
				CE1BB1C32684610300B173FB /* LaunchScreen.storyboard */,
				CE1BB1C62684610300B173FB /* Info.plist */,
			);
			path = WorldMapUpdate;
			sourceTree = "<group>";
		};
		CE1BB1CC2684613B00B173FB /* Frameworks */ = {
			isa = PBXGroup;
			children = (
				CE1BB1CD2684613B00B173FB /* GEMKit.xcframework */,
			);
			name = Frameworks;
			sourceTree = "<group>";
		};
/* End PBXGroup section */

/* Begin PBXNativeTarget section */
		CE1BB1B42684610300B173FB /* WorldMapUpdate */ = {
			isa = PBXNativeTarget;
			buildConfigurationList = CE1BB1C92684610300B173FB /* Build configuration list for PBXNativeTarget "WorldMapUpdate" */;
			buildPhases = (
				CE1BB1B12684610300B173FB /* Sources */,
				CE1BB1B22684610300B173FB /* Frameworks */,
				CE1BB1B32684610300B173FB /* Resources */,
				CE1BB1D02684613B00B173FB /* Embed Frameworks */,
			);
			buildRules = (
			);
			dependencies = (
			);
			name = WorldMapUpdate;
			productName = WorldMapUpdate;
			productReference = CE1BB1B52684610300B173FB /* WorldMapUpdate.app */;
			productType = "com.apple.product-type.application";
		};
/* End PBXNativeTarget section */

/* Begin PBXProject section */
		CE1BB1AD2684610300B173FB /* Project object */ = {
			isa = PBXProject;
			attributes = {
				LastSwiftUpdateCheck = 1250;
				LastUpgradeCheck = 1250;
				TargetAttributes = {
					CE1BB1B42684610300B173FB = {
						CreatedOnToolsVersion = 12.5;
					};
				};
			};
			buildConfigurationList = CE1BB1B02684610300B173FB /* Build configuration list for PBXProject "WorldMapUpdate" */;
			compatibilityVersion = "Xcode 9.3";
			developmentRegion = en;
			hasScannedForEncodings = 0;
			knownRegions = (
				en,
				Base,
			);
			mainGroup = CE1BB1AC2684610300B173FB;
			productRefGroup = CE1BB1B62684610300B173FB /* Products */;
			projectDirPath = "";
			projectRoot = "";
			targets = (
				CE1BB1B42684610300B173FB /* WorldMapUpdate */,
			);
		};
/* End PBXProject section */

/* Begin PBXResourcesBuildPhase section */
		CE1BB1B32684610300B173FB /* Resources */ = {
			isa = PBXResourcesBuildPhase;
			buildActionMask = 2147483647;
			files = (
				CE1BB1C52684610300B173FB /* LaunchScreen.storyboard in Resources */,
				CE1BB1C22684610300B173FB /* Assets.xcassets in Resources */,
				CE1BB1C02684610300B173FB /* Main.storyboard in Resources */,
			);
			runOnlyForDeploymentPostprocessing = 0;
		};
/* End PBXResourcesBuildPhase section */

/* Begin PBXSourcesBuildPhase section */
		CE1BB1B12684610300B173FB /* Sources */ = {
			isa = PBXSourcesBuildPhase;
			buildActionMask = 2147483647;
			files = (
				CE1BB1BD2684610300B173FB /* ViewController.swift in Sources */,
				CE1BB1B92684610300B173FB /* AppDelegate.swift in Sources */,
				CE1BB1BB2684610300B173FB /* SceneDelegate.swift in Sources */,
			);
			runOnlyForDeploymentPostprocessing = 0;
		};
/* End PBXSourcesBuildPhase section */

/* Begin PBXVariantGroup section */
		CE1BB1BE2684610300B173FB /* Main.storyboard */ = {
			isa = PBXVariantGroup;
			children = (
				CE1BB1BF2684610300B173FB /* Base */,
			);
			name = Main.storyboard;
			sourceTree = "<group>";
		};
		CE1BB1C32684610300B173FB /* LaunchScreen.storyboard */ = {
			isa = PBXVariantGroup;
			children = (
				CE1BB1C42684610300B173FB /* Base */,
			);
			name = LaunchScreen.storyboard;
			sourceTree = "<group>";
		};
/* End PBXVariantGroup section */

/* Begin XCBuildConfiguration section */
		CE1BB1C72684610300B173FB /* Debug */ = {
			isa = XCBuildConfiguration;
			buildSettings = {
				ALWAYS_SEARCH_USER_PATHS = NO;
				CLANG_ANALYZER_NONNULL = YES;
				CLANG_ANALYZER_NUMBER_OBJECT_CONVERSION = YES_AGGRESSIVE;
				CLANG_CXX_LANGUAGE_STANDARD = "gnu++14";
				CLANG_CXX_LIBRARY = "libc++";
				CLANG_ENABLE_MODULES = YES;
				CLANG_ENABLE_OBJC_ARC = YES;
				CLANG_ENABLE_OBJC_WEAK = YES;
				CLANG_WARN_BLOCK_CAPTURE_AUTORELEASING = YES;
				CLANG_WARN_BOOL_CONVERSION = YES;
				CLANG_WARN_COMMA = YES;
				CLANG_WARN_CONSTANT_CONVERSION = YES;
				CLANG_WARN_DEPRECATED_OBJC_IMPLEMENTATIONS = YES;
				CLANG_WARN_DIRECT_OBJC_ISA_USAGE = YES_ERROR;
				CLANG_WARN_DOCUMENTATION_COMMENTS = YES;
				CLANG_WARN_EMPTY_BODY = YES;
				CLANG_WARN_ENUM_CONVERSION = YES;
				CLANG_WARN_INFINITE_RECURSION = YES;
				CLANG_WARN_INT_CONVERSION = YES;
				CLANG_WARN_NON_LITERAL_NULL_CONVERSION = YES;
				CLANG_WARN_OBJC_IMPLICIT_RETAIN_SELF = YES;
				CLANG_WARN_OBJC_LITERAL_CONVERSION = YES;
				CLANG_WARN_OBJC_ROOT_CLASS = YES_ERROR;
				CLANG_WARN_QUOTED_INCLUDE_IN_FRAMEWORK_HEADER = YES;
				CLANG_WARN_RANGE_LOOP_ANALYSIS = YES;
				CLANG_WARN_STRICT_PROTOTYPES = YES;
				CLANG_WARN_SUSPICIOUS_MOVE = YES;
				CLANG_WARN_UNGUARDED_AVAILABILITY = YES_AGGRESSIVE;
				CLANG_WARN_UNREACHABLE_CODE = YES;
				CLANG_WARN__DUPLICATE_METHOD_MATCH = YES;
				COPY_PHASE_STRIP = NO;
				DEBUG_INFORMATION_FORMAT = dwarf;
				ENABLE_STRICT_OBJC_MSGSEND = YES;
				ENABLE_TESTABILITY = YES;
				GCC_C_LANGUAGE_STANDARD = gnu11;
				GCC_DYNAMIC_NO_PIC = NO;
				GCC_NO_COMMON_BLOCKS = YES;
				GCC_OPTIMIZATION_LEVEL = 0;
				GCC_PREPROCESSOR_DEFINITIONS = (
					"DEBUG=1",
					"$(inherited)",
				);
				GCC_WARN_64_TO_32_BIT_CONVERSION = YES;
				GCC_WARN_ABOUT_RETURN_TYPE = YES_ERROR;
				GCC_WARN_UNDECLARED_SELECTOR = YES;
				GCC_WARN_UNINITIALIZED_AUTOS = YES_AGGRESSIVE;
				GCC_WARN_UNUSED_FUNCTION = YES;
				GCC_WARN_UNUSED_VARIABLE = YES;
				IPHONEOS_DEPLOYMENT_TARGET = 13.0;
				MTL_ENABLE_DEBUG_INFO = INCLUDE_SOURCE;
				MTL_FAST_MATH = YES;
				ONLY_ACTIVE_ARCH = YES;
				SDKROOT = iphoneos;
				SWIFT_ACTIVE_COMPILATION_CONDITIONS = DEBUG;
				SWIFT_OPTIMIZATION_LEVEL = "-Onone";
			};
			name = Debug;
		};
		CE1BB1C82684610300B173FB /* Release */ = {
			isa = XCBuildConfiguration;
			buildSettings = {
				ALWAYS_SEARCH_USER_PATHS = NO;
				CLANG_ANALYZER_NONNULL = YES;
				CLANG_ANALYZER_NUMBER_OBJECT_CONVERSION = YES_AGGRESSIVE;
				CLANG_CXX_LANGUAGE_STANDARD = "gnu++14";
				CLANG_CXX_LIBRARY = "libc++";
				CLANG_ENABLE_MODULES = YES;
				CLANG_ENABLE_OBJC_ARC = YES;
				CLANG_ENABLE_OBJC_WEAK = YES;
				CLANG_WARN_BLOCK_CAPTURE_AUTORELEASING = YES;
				CLANG_WARN_BOOL_CONVERSION = YES;
				CLANG_WARN_COMMA = YES;
				CLANG_WARN_CONSTANT_CONVERSION = YES;
				CLANG_WARN_DEPRECATED_OBJC_IMPLEMENTATIONS = YES;
				CLANG_WARN_DIRECT_OBJC_ISA_USAGE = YES_ERROR;
				CLANG_WARN_DOCUMENTATION_COMMENTS = YES;
				CLANG_WARN_EMPTY_BODY = YES;
				CLANG_WARN_ENUM_CONVERSION = YES;
				CLANG_WARN_INFINITE_RECURSION = YES;
				CLANG_WARN_INT_CONVERSION = YES;
				CLANG_WARN_NON_LITERAL_NULL_CONVERSION = YES;
				CLANG_WARN_OBJC_IMPLICIT_RETAIN_SELF = YES;
				CLANG_WARN_OBJC_LITERAL_CONVERSION = YES;
				CLANG_WARN_OBJC_ROOT_CLASS = YES_ERROR;
				CLANG_WARN_QUOTED_INCLUDE_IN_FRAMEWORK_HEADER = YES;
				CLANG_WARN_RANGE_LOOP_ANALYSIS = YES;
				CLANG_WARN_STRICT_PROTOTYPES = YES;
				CLANG_WARN_SUSPICIOUS_MOVE = YES;
				CLANG_WARN_UNGUARDED_AVAILABILITY = YES_AGGRESSIVE;
				CLANG_WARN_UNREACHABLE_CODE = YES;
				CLANG_WARN__DUPLICATE_METHOD_MATCH = YES;
				COPY_PHASE_STRIP = NO;
				DEBUG_INFORMATION_FORMAT = "dwarf-with-dsym";
				ENABLE_NS_ASSERTIONS = NO;
				ENABLE_STRICT_OBJC_MSGSEND = YES;
				GCC_C_LANGUAGE_STANDARD = gnu11;
				GCC_NO_COMMON_BLOCKS = YES;
				GCC_WARN_64_TO_32_BIT_CONVERSION = YES;
				GCC_WARN_ABOUT_RETURN_TYPE = YES_ERROR;
				GCC_WARN_UNDECLARED_SELECTOR = YES;
				GCC_WARN_UNINITIALIZED_AUTOS = YES_AGGRESSIVE;
				GCC_WARN_UNUSED_FUNCTION = YES;
				GCC_WARN_UNUSED_VARIABLE = YES;
				IPHONEOS_DEPLOYMENT_TARGET = 13.0;
				MTL_ENABLE_DEBUG_INFO = NO;
				MTL_FAST_MATH = YES;
				SDKROOT = iphoneos;
				SWIFT_COMPILATION_MODE = wholemodule;
				SWIFT_OPTIMIZATION_LEVEL = "-O";
				VALIDATE_PRODUCT = YES;
			};
			name = Release;
		};
		CE1BB1CA2684610300B173FB /* Debug */ = {
			isa = XCBuildConfiguration;
			buildSettings = {
				ASSETCATALOG_COMPILER_APPICON_NAME = AppIcon;
				ASSETCATALOG_COMPILER_GLOBAL_ACCENT_COLOR_NAME = AccentColor;
				CODE_SIGN_STYLE = Automatic;
				DEVELOPMENT_TEAM = W43E5E6BFR;
				ENABLE_BITCODE = NO;
				INFOPLIST_FILE = WorldMapUpdate/Info.plist;
				LD_RUNPATH_SEARCH_PATHS = (
					"$(inherited)",
					"@executable_path/Frameworks",
				);
				PRODUCT_BUNDLE_IDENTIFIER = com.generalmagic.WorldMapUpdate;
				PRODUCT_NAME = "$(TARGET_NAME)";
				SWIFT_VERSION = 5.0;
				TARGETED_DEVICE_FAMILY = "1,2";
			};
			name = Debug;
		};
		CE1BB1CB2684610300B173FB /* Release */ = {
			isa = XCBuildConfiguration;
			buildSettings = {
				ASSETCATALOG_COMPILER_APPICON_NAME = AppIcon;
				ASSETCATALOG_COMPILER_GLOBAL_ACCENT_COLOR_NAME = AccentColor;
				CODE_SIGN_STYLE = Automatic;
				DEVELOPMENT_TEAM = W43E5E6BFR;
				ENABLE_BITCODE = NO;
				INFOPLIST_FILE = WorldMapUpdate/Info.plist;
				LD_RUNPATH_SEARCH_PATHS = (
					"$(inherited)",
					"@executable_path/Frameworks",
				);
				PRODUCT_BUNDLE_IDENTIFIER = com.generalmagic.WorldMapUpdate;
				PRODUCT_NAME = "$(TARGET_NAME)";
				SWIFT_VERSION = 5.0;
				TARGETED_DEVICE_FAMILY = "1,2";
			};
			name = Release;
		};
/* End XCBuildConfiguration section */

/* Begin XCConfigurationList section */
		CE1BB1B02684610300B173FB /* Build configuration list for PBXProject "WorldMapUpdate" */ = {
			isa = XCConfigurationList;
			buildConfigurations = (
				CE1BB1C72684610300B173FB /* Debug */,
				CE1BB1C82684610300B173FB /* Release */,
			);
			defaultConfigurationIsVisible = 0;
			defaultConfigurationName = Release;
		};
		CE1BB1C92684610300B173FB /* Build configuration list for PBXNativeTarget "WorldMapUpdate" */ = {
			isa = XCConfigurationList;
			buildConfigurations = (
				CE1BB1CA2684610300B173FB /* Debug */,
				CE1BB1CB2684610300B173FB /* Release */,
			);
			defaultConfigurationIsVisible = 0;
			defaultConfigurationName = Release;
		};
/* End XCConfigurationList section */
	};
	rootObject = CE1BB1AD2684610300B173FB /* Project object */;
}
